{
  "object": {
    "pins": [
      {
        "package": "CoreDataHelp",
        "repositoryURL": "https://github.com/cristian064/CoreDataHelp",
        "state": {
          "branch": "feature/req001",
          "revision": "58a618692b60250365ef01b4523aba9718883dcc",
          "version": null
        }
      },
      {
        "package": "GenericUtilities",
        "repositoryURL": "git@github.com:cristian064/GenericUtilities.git",
        "state": {
          "branch": "develop",
          "revision": "9880e7b232d09ecd4ff2ab007c2c177a9be72f61",
          "version": null
        }
      }
    ]
  },
  "version": 1
}
