{
  "object": {
    "pins": [
      {
        "package": "GenericUtilities",
        "repositoryURL": "git@github.com:cristian064/GenericUtilities.git",
        "state": {
          "branch": null,
          "revision": "79d4162424b4148b02f8b716b71d08f46a38ed02",
          "version": "1.0.1"
        }
      }
    ]
  },
  "version": 1
}
