// !$*UTF8*$!
{
	archiveVersion = 1;
	classes = {
	};
	objectVersion = 52;
	objects = {

/* Begin PBXBuildFile section */
		2E4F7C7527B7525900FC53ED /* Localizable.strings in Resources */ = {isa = PBXBuildFile; fileRef = 2E4F7C7727B7525900FC53ED /* Localizable.strings */; };
		2E4F7C7B27B7538700FC53ED /* Constans.swift in Sources */ = {isa = PBXBuildFile; fileRef = 2E4F7C7A27B7538700FC53ED /* Constans.swift */; };
		2EB7D70B27AB3EDA00B648E2 /* GenericUtilities in Frameworks */ = {isa = PBXBuildFile; productRef = 2EB7D70A27AB3EDA00B648E2 /* GenericUtilities */; };
		2EB7D71327AB3F7700B648E2 /* QhapaqTests.swift in Sources */ = {isa = PBXBuildFile; fileRef = 2EB7D71227AB3F7700B648E2 /* QhapaqTests.swift */; };
		2EEACB39278673A600052A80 /* LoginViewController.swift in Sources */ = {isa = PBXBuildFile; fileRef = 2EEACB38278673A600052A80 /* LoginViewController.swift */; };
		2EEC0A8127D9AA410056B852 /* GoogleService-Info.plist in Resources */ = {isa = PBXBuildFile; fileRef = 2EEC0A8027D9AA400056B852 /* GoogleService-Info.plist */; };
		40097B84275C5E9A00E4C036 /* ActivityEntity+CoreDataClass.swift in Sources */ = {isa = PBXBuildFile; fileRef = 40097B80275C5E9A00E4C036 /* ActivityEntity+CoreDataClass.swift */; };
		40097B85275C5E9A00E4C036 /* ActivityEntity+CoreDataProperties.swift in Sources */ = {isa = PBXBuildFile; fileRef = 40097B81275C5E9A00E4C036 /* ActivityEntity+CoreDataProperties.swift */; };
		40097B86275C5E9A00E4C036 /* ActivityLocationEntity+CoreDataClass.swift in Sources */ = {isa = PBXBuildFile; fileRef = 40097B82275C5E9A00E4C036 /* ActivityLocationEntity+CoreDataClass.swift */; };
		40097B87275C5E9A00E4C036 /* ActivityLocationEntity+CoreDataProperties.swift in Sources */ = {isa = PBXBuildFile; fileRef = 40097B83275C5E9A00E4C036 /* ActivityLocationEntity+CoreDataProperties.swift */; };
		4026D8FD2738604200A56B15 /* DetailUserActivityViewController.swift in Sources */ = {isa = PBXBuildFile; fileRef = 4026D8FC2738604200A56B15 /* DetailUserActivityViewController.swift */; };
		4026D8FF2738623C00A56B15 /* DetailUserActivityViewModel.swift in Sources */ = {isa = PBXBuildFile; fileRef = 4026D8FE2738623C00A56B15 /* DetailUserActivityViewModel.swift */; };
		4026D9012738843B00A56B15 /* DetailUserActivityDataSource.swift in Sources */ = {isa = PBXBuildFile; fileRef = 4026D9002738843B00A56B15 /* DetailUserActivityDataSource.swift */; };
		4026D9032738848800A56B15 /* DetailUserActivityRepository.swift in Sources */ = {isa = PBXBuildFile; fileRef = 4026D9022738848800A56B15 /* DetailUserActivityRepository.swift */; };
		402D6C9626AD18B200D73478 /* ArtworkMarkerView.swift in Sources */ = {isa = PBXBuildFile; fileRef = 402D6C9526AD18B200D73478 /* ArtworkMarkerView.swift */; };
		4044E7DC26A53416003D57D9 /* UserActivityViewController.swift in Sources */ = {isa = PBXBuildFile; fileRef = 4044E7DB26A53416003D57D9 /* UserActivityViewController.swift */; };
		4044E7DE26A53441003D57D9 /* MainTabBarController.swift in Sources */ = {isa = PBXBuildFile; fileRef = 4044E7DD26A53441003D57D9 /* MainTabBarController.swift */; };
		4044E7E026A537D0003D57D9 /* UserActivityViewModel.swift in Sources */ = {isa = PBXBuildFile; fileRef = 4044E7DF26A537D0003D57D9 /* UserActivityViewModel.swift */; };
		4044E7E226A53875003D57D9 /* ActivityCollectionViewCell.swift in Sources */ = {isa = PBXBuildFile; fileRef = 4044E7E126A53875003D57D9 /* ActivityCollectionViewCell.swift */; };
		4076CB1126A6446200E35DDC /* ActivityRepository.swift in Sources */ = {isa = PBXBuildFile; fileRef = 4076CB1026A6446200E35DDC /* ActivityRepository.swift */; };
		4076CB1326A644A100E35DDC /* UserActivityEntity.swift in Sources */ = {isa = PBXBuildFile; fileRef = 4076CB1226A644A100E35DDC /* UserActivityEntity.swift */; };
		4076CB1726A6452800E35DDC /* UserActivityModel.swift in Sources */ = {isa = PBXBuildFile; fileRef = 4076CB1626A6452800E35DDC /* UserActivityModel.swift */; };
		4079CE0126ACE14A0098629F /* ArtWorkEntity.swift in Sources */ = {isa = PBXBuildFile; fileRef = 4079CE0026ACE14A0098629F /* ArtWorkEntity.swift */; };
		4079CE0326ACE3770098629F /* HomeDataSource.swift in Sources */ = {isa = PBXBuildFile; fileRef = 4079CE0226ACE3770098629F /* HomeDataSource.swift */; };
		4079CE0526ACE4AD0098629F /* ArtWorkModel.swift in Sources */ = {isa = PBXBuildFile; fileRef = 4079CE0426ACE4AD0098629F /* ArtWorkModel.swift */; };
		4079CE0726ACEB510098629F /* Annotation.swift in Sources */ = {isa = PBXBuildFile; fileRef = 4079CE0626ACEB510098629F /* Annotation.swift */; };
		407D89C12725C9A4006324A7 /* QapaqModel.xcdatamodeld in Sources */ = {isa = PBXBuildFile; fileRef = 407D89BF2725C9A4006324A7 /* QapaqModel.xcdatamodeld */; };
		407E868926A117D700D348B9 /* HomeViewModel.swift in Sources */ = {isa = PBXBuildFile; fileRef = 407E868826A117D700D348B9 /* HomeViewModel.swift */; };
		407E868C26A1188D00D348B9 /* HomeRepository.swift in Sources */ = {isa = PBXBuildFile; fileRef = 407E868B26A1188D00D348B9 /* HomeRepository.swift */; };
		4082C10E272516B900D0A571 /* StorageProvider.swift in Sources */ = {isa = PBXBuildFile; fileRef = 4082C10D272516B900D0A571 /* StorageProvider.swift */; };
		408BBF11269E7AC000B37970 /* AppDelegate.swift in Sources */ = {isa = PBXBuildFile; fileRef = 408BBF10269E7AC000B37970 /* AppDelegate.swift */; };
		408BBF13269E7AC000B37970 /* SceneDelegate.swift in Sources */ = {isa = PBXBuildFile; fileRef = 408BBF12269E7AC000B37970 /* SceneDelegate.swift */; };
		408BBF15269E7AC000B37970 /* HomeViewController.swift in Sources */ = {isa = PBXBuildFile; fileRef = 408BBF14269E7AC000B37970 /* HomeViewController.swift */; };
		408BBF1A269E7AC100B37970 /* Assets.xcassets in Resources */ = {isa = PBXBuildFile; fileRef = 408BBF19269E7AC100B37970 /* Assets.xcassets */; };
		408BBF1D269E7AC100B37970 /* LaunchScreen.storyboard in Resources */ = {isa = PBXBuildFile; fileRef = 408BBF1B269E7AC100B37970 /* LaunchScreen.storyboard */; };
		409681AA26A6550200871EBD /* UserActivityDataSourceManager.swift in Sources */ = {isa = PBXBuildFile; fileRef = 409681A926A6550200871EBD /* UserActivityDataSourceManager.swift */; };
		409B3A862766601500200F02 /* CoreDataHelp in Frameworks */ = {isa = PBXBuildFile; productRef = 409B3A852766601500200F02 /* CoreDataHelp */; };
		409F2AB626A2612F0024846B /* CLLocation+Extension.swift in Sources */ = {isa = PBXBuildFile; fileRef = 409F2AB526A2612F0024846B /* CLLocation+Extension.swift */; };
		40A0591026A8F78B00BAE3D5 /* MapView.swift in Sources */ = {isa = PBXBuildFile; fileRef = 40A0590F26A8F78B00BAE3D5 /* MapView.swift */; };
		40B2921E269E82BC006DC0C8 /* LocationProvider.swift in Sources */ = {isa = PBXBuildFile; fileRef = 40B2921D269E82BC006DC0C8 /* LocationProvider.swift */; };
		C68C04BC285BC0EB008CAB15 /* FirebaseCrashlytics in Frameworks */ = {isa = PBXBuildFile; productRef = C68C04BB285BC0EB008CAB15 /* FirebaseCrashlytics */; };
/* End PBXBuildFile section */

/* Begin PBXContainerItemProxy section */
		2EB7D71427AB3F7700B648E2 /* PBXContainerItemProxy */ = {
			isa = PBXContainerItemProxy;
			containerPortal = 408BBF05269E7AC000B37970 /* Project object */;
			proxyType = 1;
			remoteGlobalIDString = 408BBF0C269E7AC000B37970;
			remoteInfo = Qhapaq;
		};
/* End PBXContainerItemProxy section */

/* Begin PBXFileReference section */
		2E4F7C7627B7525900FC53ED /* en */ = {isa = PBXFileReference; lastKnownFileType = text.plist.strings; name = en; path = en.lproj/Localizable.strings; sourceTree = "<group>"; };
		2E4F7C7827B7529E00FC53ED /* es-419 */ = {isa = PBXFileReference; lastKnownFileType = text.plist.strings; name = "es-419"; path = "es-419.lproj/LaunchScreen.strings"; sourceTree = "<group>"; };
		2E4F7C7927B7529E00FC53ED /* es-419 */ = {isa = PBXFileReference; lastKnownFileType = text.plist.strings; name = "es-419"; path = "es-419.lproj/Localizable.strings"; sourceTree = "<group>"; };
		2E4F7C7A27B7538700FC53ED /* Constans.swift */ = {isa = PBXFileReference; lastKnownFileType = sourcecode.swift; path = Constans.swift; sourceTree = "<group>"; };
		2EA7657E27B602A50049DC5C /* Qhapaq.entitlements */ = {isa = PBXFileReference; lastKnownFileType = text.plist.entitlements; path = Qhapaq.entitlements; sourceTree = "<group>"; };
		2EB7D71027AB3F7700B648E2 /* QhapaqTests.xctest */ = {isa = PBXFileReference; explicitFileType = wrapper.cfbundle; includeInIndex = 0; path = QhapaqTests.xctest; sourceTree = BUILT_PRODUCTS_DIR; };
		2EB7D71227AB3F7700B648E2 /* QhapaqTests.swift */ = {isa = PBXFileReference; lastKnownFileType = sourcecode.swift; path = QhapaqTests.swift; sourceTree = "<group>"; };
		2EEACB38278673A600052A80 /* LoginViewController.swift */ = {isa = PBXFileReference; lastKnownFileType = sourcecode.swift; path = LoginViewController.swift; sourceTree = "<group>"; };
		2EEC0A8027D9AA400056B852 /* GoogleService-Info.plist */ = {isa = PBXFileReference; fileEncoding = 4; lastKnownFileType = text.plist.xml; path = "GoogleService-Info.plist"; sourceTree = "<group>"; };
		40097B80275C5E9A00E4C036 /* ActivityEntity+CoreDataClass.swift */ = {isa = PBXFileReference; lastKnownFileType = sourcecode.swift; path = "ActivityEntity+CoreDataClass.swift"; sourceTree = "<group>"; };
		40097B81275C5E9A00E4C036 /* ActivityEntity+CoreDataProperties.swift */ = {isa = PBXFileReference; lastKnownFileType = sourcecode.swift; path = "ActivityEntity+CoreDataProperties.swift"; sourceTree = "<group>"; };
		40097B82275C5E9A00E4C036 /* ActivityLocationEntity+CoreDataClass.swift */ = {isa = PBXFileReference; lastKnownFileType = sourcecode.swift; path = "ActivityLocationEntity+CoreDataClass.swift"; sourceTree = "<group>"; };
		40097B83275C5E9A00E4C036 /* ActivityLocationEntity+CoreDataProperties.swift */ = {isa = PBXFileReference; lastKnownFileType = sourcecode.swift; path = "ActivityLocationEntity+CoreDataProperties.swift"; sourceTree = "<group>"; };
		4026D8FC2738604200A56B15 /* DetailUserActivityViewController.swift */ = {isa = PBXFileReference; lastKnownFileType = sourcecode.swift; path = DetailUserActivityViewController.swift; sourceTree = "<group>"; };
		4026D8FE2738623C00A56B15 /* DetailUserActivityViewModel.swift */ = {isa = PBXFileReference; lastKnownFileType = sourcecode.swift; path = DetailUserActivityViewModel.swift; sourceTree = "<group>"; };
		4026D9002738843B00A56B15 /* DetailUserActivityDataSource.swift */ = {isa = PBXFileReference; lastKnownFileType = sourcecode.swift; path = DetailUserActivityDataSource.swift; sourceTree = "<group>"; };
		4026D9022738848800A56B15 /* DetailUserActivityRepository.swift */ = {isa = PBXFileReference; lastKnownFileType = sourcecode.swift; path = DetailUserActivityRepository.swift; sourceTree = "<group>"; };
		402D6C9526AD18B200D73478 /* ArtworkMarkerView.swift */ = {isa = PBXFileReference; lastKnownFileType = sourcecode.swift; path = ArtworkMarkerView.swift; sourceTree = "<group>"; };
		4044E7DB26A53416003D57D9 /* UserActivityViewController.swift */ = {isa = PBXFileReference; lastKnownFileType = sourcecode.swift; path = UserActivityViewController.swift; sourceTree = "<group>"; };
		4044E7DD26A53441003D57D9 /* MainTabBarController.swift */ = {isa = PBXFileReference; lastKnownFileType = sourcecode.swift; path = MainTabBarController.swift; sourceTree = "<group>"; };
		4044E7DF26A537D0003D57D9 /* UserActivityViewModel.swift */ = {isa = PBXFileReference; lastKnownFileType = sourcecode.swift; path = UserActivityViewModel.swift; sourceTree = "<group>"; };
		4044E7E126A53875003D57D9 /* ActivityCollectionViewCell.swift */ = {isa = PBXFileReference; lastKnownFileType = sourcecode.swift; path = ActivityCollectionViewCell.swift; sourceTree = "<group>"; };
		40714611276E880D0010C3B3 /* ConfigDev.xcconfig */ = {isa = PBXFileReference; lastKnownFileType = text.xcconfig; path = ConfigDev.xcconfig; sourceTree = "<group>"; };
		40714612276E88200010C3B3 /* ConfigQA.xcconfig */ = {isa = PBXFileReference; lastKnownFileType = text.xcconfig; path = ConfigQA.xcconfig; sourceTree = "<group>"; };
		40714613276E882C0010C3B3 /* ConfigProd.xcconfig */ = {isa = PBXFileReference; lastKnownFileType = text.xcconfig; path = ConfigProd.xcconfig; sourceTree = "<group>"; };
		4076CB1026A6446200E35DDC /* ActivityRepository.swift */ = {isa = PBXFileReference; lastKnownFileType = sourcecode.swift; path = ActivityRepository.swift; sourceTree = "<group>"; };
		4076CB1226A644A100E35DDC /* UserActivityEntity.swift */ = {isa = PBXFileReference; lastKnownFileType = sourcecode.swift; path = UserActivityEntity.swift; sourceTree = "<group>"; };
		4076CB1626A6452800E35DDC /* UserActivityModel.swift */ = {isa = PBXFileReference; lastKnownFileType = sourcecode.swift; path = UserActivityModel.swift; sourceTree = "<group>"; };
		4079CE0026ACE14A0098629F /* ArtWorkEntity.swift */ = {isa = PBXFileReference; lastKnownFileType = sourcecode.swift; path = ArtWorkEntity.swift; sourceTree = "<group>"; };
		4079CE0226ACE3770098629F /* HomeDataSource.swift */ = {isa = PBXFileReference; lastKnownFileType = sourcecode.swift; path = HomeDataSource.swift; sourceTree = "<group>"; };
		4079CE0426ACE4AD0098629F /* ArtWorkModel.swift */ = {isa = PBXFileReference; lastKnownFileType = sourcecode.swift; path = ArtWorkModel.swift; sourceTree = "<group>"; };
		4079CE0626ACEB510098629F /* Annotation.swift */ = {isa = PBXFileReference; lastKnownFileType = sourcecode.swift; path = Annotation.swift; sourceTree = "<group>"; };
		407D89C02725C9A4006324A7 /* QapaqModel.xcdatamodel */ = {isa = PBXFileReference; lastKnownFileType = wrapper.xcdatamodel; path = QapaqModel.xcdatamodel; sourceTree = "<group>"; };
		407E868826A117D700D348B9 /* HomeViewModel.swift */ = {isa = PBXFileReference; lastKnownFileType = sourcecode.swift; path = HomeViewModel.swift; sourceTree = "<group>"; };
		407E868B26A1188D00D348B9 /* HomeRepository.swift */ = {isa = PBXFileReference; lastKnownFileType = sourcecode.swift; path = HomeRepository.swift; sourceTree = "<group>"; };
		4082C10D272516B900D0A571 /* StorageProvider.swift */ = {isa = PBXFileReference; lastKnownFileType = sourcecode.swift; path = StorageProvider.swift; sourceTree = "<group>"; };
		408BBF0D269E7AC000B37970 /* Qhapaq.app */ = {isa = PBXFileReference; explicitFileType = wrapper.application; includeInIndex = 0; path = Qhapaq.app; sourceTree = BUILT_PRODUCTS_DIR; };
		408BBF10269E7AC000B37970 /* AppDelegate.swift */ = {isa = PBXFileReference; lastKnownFileType = sourcecode.swift; path = AppDelegate.swift; sourceTree = "<group>"; };
		408BBF12269E7AC000B37970 /* SceneDelegate.swift */ = {isa = PBXFileReference; lastKnownFileType = sourcecode.swift; path = SceneDelegate.swift; sourceTree = "<group>"; };
		408BBF14269E7AC000B37970 /* HomeViewController.swift */ = {isa = PBXFileReference; lastKnownFileType = sourcecode.swift; path = HomeViewController.swift; sourceTree = "<group>"; };
		408BBF19269E7AC100B37970 /* Assets.xcassets */ = {isa = PBXFileReference; lastKnownFileType = folder.assetcatalog; path = Assets.xcassets; sourceTree = "<group>"; };
		408BBF1C269E7AC100B37970 /* Base */ = {isa = PBXFileReference; lastKnownFileType = file.storyboard; name = Base; path = Base.lproj/LaunchScreen.storyboard; sourceTree = "<group>"; };
		408BBF1E269E7AC100B37970 /* Info.plist */ = {isa = PBXFileReference; lastKnownFileType = text.plist.xml; path = Info.plist; sourceTree = "<group>"; };
		409681A926A6550200871EBD /* UserActivityDataSourceManager.swift */ = {isa = PBXFileReference; lastKnownFileType = sourcecode.swift; path = UserActivityDataSourceManager.swift; sourceTree = "<group>"; };
		409F2AB526A2612F0024846B /* CLLocation+Extension.swift */ = {isa = PBXFileReference; lastKnownFileType = sourcecode.swift; path = "CLLocation+Extension.swift"; sourceTree = "<group>"; };
		40A0590F26A8F78B00BAE3D5 /* MapView.swift */ = {isa = PBXFileReference; lastKnownFileType = sourcecode.swift; path = MapView.swift; sourceTree = "<group>"; };
		40B2921D269E82BC006DC0C8 /* LocationProvider.swift */ = {isa = PBXFileReference; lastKnownFileType = sourcecode.swift; path = LocationProvider.swift; sourceTree = "<group>"; };
/* End PBXFileReference section */

/* Begin PBXFrameworksBuildPhase section */
		2EB7D70D27AB3F7700B648E2 /* Frameworks */ = {
			isa = PBXFrameworksBuildPhase;
			buildActionMask = 2147483647;
			files = (
			);
			runOnlyForDeploymentPostprocessing = 0;
		};
		408BBF0A269E7AC000B37970 /* Frameworks */ = {
			isa = PBXFrameworksBuildPhase;
			buildActionMask = 2147483647;
			files = (
				C68C04BC285BC0EB008CAB15 /* FirebaseCrashlytics in Frameworks */,
				409B3A862766601500200F02 /* CoreDataHelp in Frameworks */,
				2EB7D70B27AB3EDA00B648E2 /* GenericUtilities in Frameworks */,
			);
			runOnlyForDeploymentPostprocessing = 0;
		};
/* End PBXFrameworksBuildPhase section */

/* Begin PBXGroup section */
		2E4F7C4D27B6D9D200FC53ED /* Frameworks */ = {
			isa = PBXGroup;
			children = (
			);
			name = Frameworks;
			sourceTree = "<group>";
		};
		2EB7D71127AB3F7700B648E2 /* QhapaqTests */ = {
			isa = PBXGroup;
			children = (
				2EB7D71227AB3F7700B648E2 /* QhapaqTests.swift */,
			);
			path = QhapaqTests;
			sourceTree = "<group>";
		};
		2EEACB372786737100052A80 /* Login */ = {
			isa = PBXGroup;
			children = (
				2EEACB38278673A600052A80 /* LoginViewController.swift */,
			);
			path = Login;
			sourceTree = "<group>";
		};
		4026D8FA27385FFC00A56B15 /* UserActivity */ = {
			isa = PBXGroup;
			children = (
				4044E7DB26A53416003D57D9 /* UserActivityViewController.swift */,
				4044E7DF26A537D0003D57D9 /* UserActivityViewModel.swift */,
				4044E7E126A53875003D57D9 /* ActivityCollectionViewCell.swift */,
			);
			path = UserActivity;
			sourceTree = "<group>";
		};
		4026D8FB2738600B00A56B15 /* DetailActivity */ = {
			isa = PBXGroup;
			children = (
				4026D8FC2738604200A56B15 /* DetailUserActivityViewController.swift */,
				4026D8FE2738623C00A56B15 /* DetailUserActivityViewModel.swift */,
			);
			path = DetailActivity;
			sourceTree = "<group>";
		};
		4044E7D726A531E2003D57D9 /* Module */ = {
			isa = PBXGroup;
			children = (
				2EEACB372786737100052A80 /* Login */,
				4044E7DA26A533DD003D57D9 /* Main */,
				4044E7D926A5331A003D57D9 /* Activity */,
				4044E7D826A531EF003D57D9 /* Home */,
			);
			path = Module;
			sourceTree = "<group>";
		};
		4044E7D826A531EF003D57D9 /* Home */ = {
			isa = PBXGroup;
			children = (
				407E868826A117D700D348B9 /* HomeViewModel.swift */,
				408BBF14269E7AC000B37970 /* HomeViewController.swift */,
			);
			path = Home;
			sourceTree = "<group>";
		};
		4044E7D926A5331A003D57D9 /* Activity */ = {
			isa = PBXGroup;
			children = (
				4026D8FB2738600B00A56B15 /* DetailActivity */,
				4026D8FA27385FFC00A56B15 /* UserActivity */,
			);
			path = Activity;
			sourceTree = "<group>";
		};
		4044E7DA26A533DD003D57D9 /* Main */ = {
			isa = PBXGroup;
			children = (
				4044E7DD26A53441003D57D9 /* MainTabBarController.swift */,
			);
			path = Main;
			sourceTree = "<group>";
		};
		40714610276E87ED0010C3B3 /* Schemes */ = {
			isa = PBXGroup;
			children = (
				40714611276E880D0010C3B3 /* ConfigDev.xcconfig */,
				40714612276E88200010C3B3 /* ConfigQA.xcconfig */,
				40714613276E882C0010C3B3 /* ConfigProd.xcconfig */,
			);
			path = Schemes;
			sourceTree = "<group>";
		};
		4076CB0F26A6441400E35DDC /* Domain */ = {
			isa = PBXGroup;
			children = (
				409681A826A654E700871EBD /* DataSourceManager */,
				4076CB1526A6451400E35DDC /* Model */,
				4076CB1426A644C600E35DDC /* Entity */,
			);
			path = Domain;
			sourceTree = "<group>";
		};
		4076CB1426A644C600E35DDC /* Entity */ = {
			isa = PBXGroup;
			children = (
				4076CB1226A644A100E35DDC /* UserActivityEntity.swift */,
				4079CE0026ACE14A0098629F /* ArtWorkEntity.swift */,
			);
			path = Entity;
			sourceTree = "<group>";
		};
		4076CB1526A6451400E35DDC /* Model */ = {
			isa = PBXGroup;
			children = (
				4076CB1626A6452800E35DDC /* UserActivityModel.swift */,
				4079CE0426ACE4AD0098629F /* ArtWorkModel.swift */,
			);
			path = Model;
			sourceTree = "<group>";
		};
		407E868A26A1187F00D348B9 /* Repository */ = {
			isa = PBXGroup;
			children = (
				407E868B26A1188D00D348B9 /* HomeRepository.swift */,
				4076CB1026A6446200E35DDC /* ActivityRepository.swift */,
				4026D9022738848800A56B15 /* DetailUserActivityRepository.swift */,
			);
			path = Repository;
			sourceTree = "<group>";
		};
		4082C10C2725167800D0A571 /* Utils */ = {
			isa = PBXGroup;
			children = (
				40B2921D269E82BC006DC0C8 /* LocationProvider.swift */,
				4082C10D272516B900D0A571 /* StorageProvider.swift */,
				2E4F7C7727B7525900FC53ED /* Localizable.strings */,
				2E4F7C7A27B7538700FC53ED /* Constans.swift */,
			);
			path = Utils;
			sourceTree = "<group>";
		};
		408BBF04269E7AC000B37970 = {
			isa = PBXGroup;
			children = (
				408BBF0F269E7AC000B37970 /* Qhapaq */,
				2EB7D71127AB3F7700B648E2 /* QhapaqTests */,
				408BBF0E269E7AC000B37970 /* Products */,
				2E4F7C4D27B6D9D200FC53ED /* Frameworks */,
			);
			sourceTree = "<group>";
		};
		408BBF0E269E7AC000B37970 /* Products */ = {
			isa = PBXGroup;
			children = (
				408BBF0D269E7AC000B37970 /* Qhapaq.app */,
				2EB7D71027AB3F7700B648E2 /* QhapaqTests.xctest */,
			);
			name = Products;
			sourceTree = "<group>";
		};
		408BBF0F269E7AC000B37970 /* Qhapaq */ = {
			isa = PBXGroup;
			children = (
				2EA7657E27B602A50049DC5C /* Qhapaq.entitlements */,
				40714610276E87ED0010C3B3 /* Schemes */,
				4082C10C2725167800D0A571 /* Utils */,
				40A90B0326DD5F23009F10A7 /* CoreData */,
				40A0590E26A8F78100BAE3D5 /* View */,
				4076CB0F26A6441400E35DDC /* Domain */,
				4044E7D726A531E2003D57D9 /* Module */,
				409F2AB426A261160024846B /* Extension */,
				407E868A26A1187F00D348B9 /* Repository */,
				408BBF10269E7AC000B37970 /* AppDelegate.swift */,
				408BBF12269E7AC000B37970 /* SceneDelegate.swift */,
				408BBF19269E7AC100B37970 /* Assets.xcassets */,
				408BBF1B269E7AC100B37970 /* LaunchScreen.storyboard */,
				408BBF1E269E7AC100B37970 /* Info.plist */,
				2EEC0A8027D9AA400056B852 /* GoogleService-Info.plist */,
			);
			path = Qhapaq;
			sourceTree = "<group>";
		};
		409681A826A654E700871EBD /* DataSourceManager */ = {
			isa = PBXGroup;
			children = (
				409681A926A6550200871EBD /* UserActivityDataSourceManager.swift */,
				4079CE0226ACE3770098629F /* HomeDataSource.swift */,
				4026D9002738843B00A56B15 /* DetailUserActivityDataSource.swift */,
			);
			path = DataSourceManager;
			sourceTree = "<group>";
		};
		409F2AB426A261160024846B /* Extension */ = {
			isa = PBXGroup;
			children = (
				409F2AB526A2612F0024846B /* CLLocation+Extension.swift */,
			);
			path = Extension;
			sourceTree = "<group>";
		};
		40A0590E26A8F78100BAE3D5 /* View */ = {
			isa = PBXGroup;
			children = (
				40A0590F26A8F78B00BAE3D5 /* MapView.swift */,
				4079CE0626ACEB510098629F /* Annotation.swift */,
				402D6C9526AD18B200D73478 /* ArtworkMarkerView.swift */,
			);
			path = View;
			sourceTree = "<group>";
		};
		40A90B0326DD5F23009F10A7 /* CoreData */ = {
			isa = PBXGroup;
			children = (
				40097B80275C5E9A00E4C036 /* ActivityEntity+CoreDataClass.swift */,
				40097B81275C5E9A00E4C036 /* ActivityEntity+CoreDataProperties.swift */,
				40097B82275C5E9A00E4C036 /* ActivityLocationEntity+CoreDataClass.swift */,
				40097B83275C5E9A00E4C036 /* ActivityLocationEntity+CoreDataProperties.swift */,
				407D89BF2725C9A4006324A7 /* QapaqModel.xcdatamodeld */,
			);
			path = CoreData;
			sourceTree = "<group>";
		};
/* End PBXGroup section */

/* Begin PBXNativeTarget section */
		2EB7D70F27AB3F7700B648E2 /* QhapaqTests */ = {
			isa = PBXNativeTarget;
			buildConfigurationList = 2EB7D71627AB3F7700B648E2 /* Build configuration list for PBXNativeTarget "QhapaqTests" */;
			buildPhases = (
				2EB7D70C27AB3F7700B648E2 /* Sources */,
				2EB7D70D27AB3F7700B648E2 /* Frameworks */,
				2EB7D70E27AB3F7700B648E2 /* Resources */,
			);
			buildRules = (
			);
			dependencies = (
				2EB7D71527AB3F7700B648E2 /* PBXTargetDependency */,
			);
			name = QhapaqTests;
			productName = QhapaqTests;
			productReference = 2EB7D71027AB3F7700B648E2 /* QhapaqTests.xctest */;
			productType = "com.apple.product-type.bundle.unit-test";
		};
		408BBF0C269E7AC000B37970 /* Qhapaq */ = {
			isa = PBXNativeTarget;
			buildConfigurationList = 408BBF21269E7AC100B37970 /* Build configuration list for PBXNativeTarget "Qhapaq" */;
			buildPhases = (
				408BBF09269E7AC000B37970 /* Sources */,
				408BBF0A269E7AC000B37970 /* Frameworks */,
				408BBF0B269E7AC000B37970 /* Resources */,
				2EFD058927A5DAC2005600D0 /* SwiftLint */,
				C68C04BE285BC1A2008CAB15 /* Crashlytics */,
			);
			buildRules = (
			);
			dependencies = (
			);
			name = Qhapaq;
			packageProductDependencies = (
				409B3A852766601500200F02 /* CoreDataHelp */,
				2EB7D70A27AB3EDA00B648E2 /* GenericUtilities */,
				C68C04BB285BC0EB008CAB15 /* FirebaseCrashlytics */,
			);
			productName = Qhapaq;
			productReference = 408BBF0D269E7AC000B37970 /* Qhapaq.app */;
			productType = "com.apple.product-type.application";
		};
/* End PBXNativeTarget section */

/* Begin PBXProject section */
		408BBF05269E7AC000B37970 /* Project object */ = {
			isa = PBXProject;
			attributes = {
				LastSwiftUpdateCheck = 1320;
				LastUpgradeCheck = 1250;
				TargetAttributes = {
					2EB7D70F27AB3F7700B648E2 = {
						CreatedOnToolsVersion = 13.2.1;
						TestTargetID = 408BBF0C269E7AC000B37970;
					};
					408BBF0C269E7AC000B37970 = {
						CreatedOnToolsVersion = 12.5;
					};
				};
			};
			buildConfigurationList = 408BBF08269E7AC000B37970 /* Build configuration list for PBXProject "Qhapaq" */;
			compatibilityVersion = "Xcode 9.3";
			developmentRegion = en;
			hasScannedForEncodings = 0;
			knownRegions = (
				en,
				Base,
				"es-419",
			);
			mainGroup = 408BBF04269E7AC000B37970;
			packageReferences = (
				409B3A842766601500200F02 /* XCRemoteSwiftPackageReference "CoreDataHelp" */,
				2EB7D70927AB3EDA00B648E2 /* XCRemoteSwiftPackageReference "GenericUtilities" */,
				C68C04BA285BC0EB008CAB15 /* XCRemoteSwiftPackageReference "firebase-ios-sdk" */,
			);
			productRefGroup = 408BBF0E269E7AC000B37970 /* Products */;
			projectDirPath = "";
			projectRoot = "";
			targets = (
				408BBF0C269E7AC000B37970 /* Qhapaq */,
				2EB7D70F27AB3F7700B648E2 /* QhapaqTests */,
			);
		};
/* End PBXProject section */

/* Begin PBXResourcesBuildPhase section */
		2EB7D70E27AB3F7700B648E2 /* Resources */ = {
			isa = PBXResourcesBuildPhase;
			buildActionMask = 2147483647;
			files = (
			);
			runOnlyForDeploymentPostprocessing = 0;
		};
		408BBF0B269E7AC000B37970 /* Resources */ = {
			isa = PBXResourcesBuildPhase;
			buildActionMask = 2147483647;
			files = (
				408BBF1D269E7AC100B37970 /* LaunchScreen.storyboard in Resources */,
				2EEC0A8127D9AA410056B852 /* GoogleService-Info.plist in Resources */,
				2E4F7C7527B7525900FC53ED /* Localizable.strings in Resources */,
				408BBF1A269E7AC100B37970 /* Assets.xcassets in Resources */,
			);
			runOnlyForDeploymentPostprocessing = 0;
		};
/* End PBXResourcesBuildPhase section */

/* Begin PBXShellScriptBuildPhase section */
		2EFD058927A5DAC2005600D0 /* SwiftLint */ = {
			isa = PBXShellScriptBuildPhase;
			buildActionMask = 2147483647;
			files = (
			);
			inputFileListPaths = (
			);
			inputPaths = (
			);
			name = SwiftLint;
			outputFileListPaths = (
			);
			outputPaths = (
			);
			runOnlyForDeploymentPostprocessing = 0;
			shellPath = /bin/sh;
			shellScript = "# Type a script or drag a script file from your workspace to insert its path.\nif which swiftlint >/dev/null; then\nswiftlint\nelse\necho \"warning: SwiftLint not installed, download from https://github.com/realm/SwiftLint\"\nfi\n";
		};
		C68C04BE285BC1A2008CAB15 /* Crashlytics */ = {
			isa = PBXShellScriptBuildPhase;
			buildActionMask = 2147483647;
			files = (
			);
			inputFileListPaths = (
			);
			inputPaths = (
				"${DWARF_DSYM_FOLDER_PATH}/${DWARF_DSYM_FILE_NAME}/Contents/Resources/DWARF/${TARGET_NAME}",
				"$(SRCROOT)/$(BUILT_PRODUCTS_DIR)/$(INFOPLIST_PATH)",
			);
			name = Crashlytics;
			outputFileListPaths = (
			);
			outputPaths = (
			);
			runOnlyForDeploymentPostprocessing = 0;
			shellPath = /bin/sh;
			shellScript = "# Type a script or drag a script file from your workspace to insert its path.\n\"${BUILD_DIR%/Build/*}/SourcePackages/checkouts/firebase-ios-sdk/Crashlytics/run\"\n";
		};
/* End PBXShellScriptBuildPhase section */

/* Begin PBXSourcesBuildPhase section */
		2EB7D70C27AB3F7700B648E2 /* Sources */ = {
			isa = PBXSourcesBuildPhase;
			buildActionMask = 2147483647;
			files = (
				2EB7D71327AB3F7700B648E2 /* QhapaqTests.swift in Sources */,
			);
			runOnlyForDeploymentPostprocessing = 0;
		};
		408BBF09269E7AC000B37970 /* Sources */ = {
			isa = PBXSourcesBuildPhase;
			buildActionMask = 2147483647;
			files = (
				408BBF15269E7AC000B37970 /* HomeViewController.swift in Sources */,
				40B2921E269E82BC006DC0C8 /* LocationProvider.swift in Sources */,
				40097B84275C5E9A00E4C036 /* ActivityEntity+CoreDataClass.swift in Sources */,
				4044E7E026A537D0003D57D9 /* UserActivityViewModel.swift in Sources */,
				40097B86275C5E9A00E4C036 /* ActivityLocationEntity+CoreDataClass.swift in Sources */,
				2E4F7C7B27B7538700FC53ED /* Constans.swift in Sources */,
				40097B87275C5E9A00E4C036 /* ActivityLocationEntity+CoreDataProperties.swift in Sources */,
				408BBF11269E7AC000B37970 /* AppDelegate.swift in Sources */,
				40097B85275C5E9A00E4C036 /* ActivityEntity+CoreDataProperties.swift in Sources */,
				4076CB1326A644A100E35DDC /* UserActivityEntity.swift in Sources */,
				402D6C9626AD18B200D73478 /* ArtworkMarkerView.swift in Sources */,
				40A0591026A8F78B00BAE3D5 /* MapView.swift in Sources */,
				4026D9032738848800A56B15 /* DetailUserActivityRepository.swift in Sources */,
				2EEACB39278673A600052A80 /* LoginViewController.swift in Sources */,
				4082C10E272516B900D0A571 /* StorageProvider.swift in Sources */,
				4079CE0726ACEB510098629F /* Annotation.swift in Sources */,
				4026D9012738843B00A56B15 /* DetailUserActivityDataSource.swift in Sources */,
				407E868926A117D700D348B9 /* HomeViewModel.swift in Sources */,
				4044E7DE26A53441003D57D9 /* MainTabBarController.swift in Sources */,
				409F2AB626A2612F0024846B /* CLLocation+Extension.swift in Sources */,
				4079CE0126ACE14A0098629F /* ArtWorkEntity.swift in Sources */,
				407E868C26A1188D00D348B9 /* HomeRepository.swift in Sources */,
				407D89C12725C9A4006324A7 /* QapaqModel.xcdatamodeld in Sources */,
				4044E7DC26A53416003D57D9 /* UserActivityViewController.swift in Sources */,
				4026D8FD2738604200A56B15 /* DetailUserActivityViewController.swift in Sources */,
				409681AA26A6550200871EBD /* UserActivityDataSourceManager.swift in Sources */,
				4079CE0326ACE3770098629F /* HomeDataSource.swift in Sources */,
				4079CE0526ACE4AD0098629F /* ArtWorkModel.swift in Sources */,
				408BBF13269E7AC000B37970 /* SceneDelegate.swift in Sources */,
				4076CB1126A6446200E35DDC /* ActivityRepository.swift in Sources */,
				4026D8FF2738623C00A56B15 /* DetailUserActivityViewModel.swift in Sources */,
				4044E7E226A53875003D57D9 /* ActivityCollectionViewCell.swift in Sources */,
				4076CB1726A6452800E35DDC /* UserActivityModel.swift in Sources */,
			);
			runOnlyForDeploymentPostprocessing = 0;
		};
/* End PBXSourcesBuildPhase section */

/* Begin PBXTargetDependency section */
		2EB7D71527AB3F7700B648E2 /* PBXTargetDependency */ = {
			isa = PBXTargetDependency;
			target = 408BBF0C269E7AC000B37970 /* Qhapaq */;
			targetProxy = 2EB7D71427AB3F7700B648E2 /* PBXContainerItemProxy */;
		};
/* End PBXTargetDependency section */

/* Begin PBXVariantGroup section */
		2E4F7C7727B7525900FC53ED /* Localizable.strings */ = {
			isa = PBXVariantGroup;
			children = (
				2E4F7C7627B7525900FC53ED /* en */,
				2E4F7C7927B7529E00FC53ED /* es-419 */,
			);
			name = Localizable.strings;
			sourceTree = "<group>";
		};
		408BBF1B269E7AC100B37970 /* LaunchScreen.storyboard */ = {
			isa = PBXVariantGroup;
			children = (
				408BBF1C269E7AC100B37970 /* Base */,
				2E4F7C7827B7529E00FC53ED /* es-419 */,
			);
			name = LaunchScreen.storyboard;
			sourceTree = "<group>";
		};
/* End PBXVariantGroup section */

/* Begin XCBuildConfiguration section */
		2EB7D71727AB3F7700B648E2 /* DebugProd */ = {
			isa = XCBuildConfiguration;
			buildSettings = {
				ALWAYS_SEARCH_USER_PATHS = NO;
				BUNDLE_LOADER = "$(TEST_HOST)";
				CLANG_ANALYZER_NONNULL = YES;
				CLANG_ANALYZER_NUMBER_OBJECT_CONVERSION = YES_AGGRESSIVE;
				CLANG_CXX_LANGUAGE_STANDARD = "gnu++17";
				CLANG_CXX_LIBRARY = "libc++";
				CLANG_ENABLE_MODULES = YES;
				CLANG_ENABLE_OBJC_ARC = YES;
				CLANG_ENABLE_OBJC_WEAK = YES;
				CLANG_WARN_BLOCK_CAPTURE_AUTORELEASING = YES;
				CLANG_WARN_BOOL_CONVERSION = YES;
				CLANG_WARN_COMMA = YES;
				CLANG_WARN_CONSTANT_CONVERSION = YES;
				CLANG_WARN_DEPRECATED_OBJC_IMPLEMENTATIONS = YES;
				CLANG_WARN_DIRECT_OBJC_ISA_USAGE = YES_ERROR;
				CLANG_WARN_DOCUMENTATION_COMMENTS = YES;
				CLANG_WARN_EMPTY_BODY = YES;
				CLANG_WARN_ENUM_CONVERSION = YES;
				CLANG_WARN_INFINITE_RECURSION = YES;
				CLANG_WARN_INT_CONVERSION = YES;
				CLANG_WARN_NON_LITERAL_NULL_CONVERSION = YES;
				CLANG_WARN_OBJC_IMPLICIT_RETAIN_SELF = YES;
				CLANG_WARN_OBJC_LITERAL_CONVERSION = YES;
				CLANG_WARN_OBJC_ROOT_CLASS = YES_ERROR;
				CLANG_WARN_QUOTED_INCLUDE_IN_FRAMEWORK_HEADER = YES;
				CLANG_WARN_RANGE_LOOP_ANALYSIS = YES;
				CLANG_WARN_STRICT_PROTOTYPES = YES;
				CLANG_WARN_SUSPICIOUS_MOVE = YES;
				CLANG_WARN_UNGUARDED_AVAILABILITY = YES_AGGRESSIVE;
				CLANG_WARN_UNREACHABLE_CODE = YES;
				CLANG_WARN__DUPLICATE_METHOD_MATCH = YES;
				CODE_SIGN_STYLE = Automatic;
				COPY_PHASE_STRIP = NO;
				CURRENT_PROJECT_VERSION = 2;
				DEBUG_INFORMATION_FORMAT = dwarf;
				DEVELOPMENT_TEAM = H3H95D45CM;
				ENABLE_STRICT_OBJC_MSGSEND = YES;
				ENABLE_TESTABILITY = YES;
				GCC_C_LANGUAGE_STANDARD = gnu11;
				GCC_DYNAMIC_NO_PIC = NO;
				GCC_NO_COMMON_BLOCKS = YES;
				GCC_OPTIMIZATION_LEVEL = 0;
				GCC_PREPROCESSOR_DEFINITIONS = (
					"DEBUG=1",
					"$(inherited)",
				);
				GCC_WARN_64_TO_32_BIT_CONVERSION = YES;
				GCC_WARN_ABOUT_RETURN_TYPE = YES_ERROR;
				GCC_WARN_UNDECLARED_SELECTOR = YES;
				GCC_WARN_UNINITIALIZED_AUTOS = YES_AGGRESSIVE;
				GCC_WARN_UNUSED_FUNCTION = YES;
				GCC_WARN_UNUSED_VARIABLE = YES;
				GENERATE_INFOPLIST_FILE = YES;
				IPHONEOS_DEPLOYMENT_TARGET = 15.2;
				MARKETING_VERSION = 1.0;
				MTL_ENABLE_DEBUG_INFO = INCLUDE_SOURCE;
				MTL_FAST_MATH = YES;
				ONLY_ACTIVE_ARCH = YES;
				PRODUCT_BUNDLE_IDENTIFIER = com.cal.QhapaqTests;
				PRODUCT_NAME = "$(TARGET_NAME)";
				SDKROOT = iphoneos;
				SWIFT_ACTIVE_COMPILATION_CONDITIONS = DEBUG;
				SWIFT_EMIT_LOC_STRINGS = NO;
				SWIFT_OPTIMIZATION_LEVEL = "-Onone";
				SWIFT_VERSION = 5.0;
				TARGETED_DEVICE_FAMILY = "1,2";
				TEST_HOST = "$(BUILT_PRODUCTS_DIR)/Qhapaq.app/Qhapaq";
			};
			name = DebugProd;
		};
		2EB7D71827AB3F7700B648E2 /* DebugDev */ = {
			isa = XCBuildConfiguration;
			buildSettings = {
				ALWAYS_SEARCH_USER_PATHS = NO;
				BUNDLE_LOADER = "$(TEST_HOST)";
				CLANG_ANALYZER_NONNULL = YES;
				CLANG_ANALYZER_NUMBER_OBJECT_CONVERSION = YES_AGGRESSIVE;
				CLANG_CXX_LANGUAGE_STANDARD = "gnu++17";
				CLANG_CXX_LIBRARY = "libc++";
				CLANG_ENABLE_MODULES = YES;
				CLANG_ENABLE_OBJC_ARC = YES;
				CLANG_ENABLE_OBJC_WEAK = YES;
				CLANG_WARN_BLOCK_CAPTURE_AUTORELEASING = YES;
				CLANG_WARN_BOOL_CONVERSION = YES;
				CLANG_WARN_COMMA = YES;
				CLANG_WARN_CONSTANT_CONVERSION = YES;
				CLANG_WARN_DEPRECATED_OBJC_IMPLEMENTATIONS = YES;
				CLANG_WARN_DIRECT_OBJC_ISA_USAGE = YES_ERROR;
				CLANG_WARN_DOCUMENTATION_COMMENTS = YES;
				CLANG_WARN_EMPTY_BODY = YES;
				CLANG_WARN_ENUM_CONVERSION = YES;
				CLANG_WARN_INFINITE_RECURSION = YES;
				CLANG_WARN_INT_CONVERSION = YES;
				CLANG_WARN_NON_LITERAL_NULL_CONVERSION = YES;
				CLANG_WARN_OBJC_IMPLICIT_RETAIN_SELF = YES;
				CLANG_WARN_OBJC_LITERAL_CONVERSION = YES;
				CLANG_WARN_OBJC_ROOT_CLASS = YES_ERROR;
				CLANG_WARN_QUOTED_INCLUDE_IN_FRAMEWORK_HEADER = YES;
				CLANG_WARN_RANGE_LOOP_ANALYSIS = YES;
				CLANG_WARN_STRICT_PROTOTYPES = YES;
				CLANG_WARN_SUSPICIOUS_MOVE = YES;
				CLANG_WARN_UNGUARDED_AVAILABILITY = YES_AGGRESSIVE;
				CLANG_WARN_UNREACHABLE_CODE = YES;
				CLANG_WARN__DUPLICATE_METHOD_MATCH = YES;
				CODE_SIGN_STYLE = Automatic;
				COPY_PHASE_STRIP = NO;
				CURRENT_PROJECT_VERSION = 2;
				DEBUG_INFORMATION_FORMAT = dwarf;
				DEVELOPMENT_TEAM = H3H95D45CM;
				ENABLE_STRICT_OBJC_MSGSEND = YES;
				ENABLE_TESTABILITY = YES;
				GCC_C_LANGUAGE_STANDARD = gnu11;
				GCC_DYNAMIC_NO_PIC = NO;
				GCC_NO_COMMON_BLOCKS = YES;
				GCC_OPTIMIZATION_LEVEL = 0;
				GCC_PREPROCESSOR_DEFINITIONS = (
					"DEBUG=1",
					"$(inherited)",
				);
				GCC_WARN_64_TO_32_BIT_CONVERSION = YES;
				GCC_WARN_ABOUT_RETURN_TYPE = YES_ERROR;
				GCC_WARN_UNDECLARED_SELECTOR = YES;
				GCC_WARN_UNINITIALIZED_AUTOS = YES_AGGRESSIVE;
				GCC_WARN_UNUSED_FUNCTION = YES;
				GCC_WARN_UNUSED_VARIABLE = YES;
				GENERATE_INFOPLIST_FILE = YES;
				IPHONEOS_DEPLOYMENT_TARGET = 15.2;
				MARKETING_VERSION = 1.0;
				MTL_ENABLE_DEBUG_INFO = INCLUDE_SOURCE;
				MTL_FAST_MATH = YES;
				ONLY_ACTIVE_ARCH = YES;
				PRODUCT_BUNDLE_IDENTIFIER = com.cal.QhapaqTests;
				PRODUCT_NAME = "$(TARGET_NAME)";
				SDKROOT = iphoneos;
				SWIFT_ACTIVE_COMPILATION_CONDITIONS = DEBUG;
				SWIFT_EMIT_LOC_STRINGS = NO;
				SWIFT_OPTIMIZATION_LEVEL = "-Onone";
				SWIFT_VERSION = 5.0;
				TARGETED_DEVICE_FAMILY = "1,2";
				TEST_HOST = "$(BUILT_PRODUCTS_DIR)/Qhapaq.app/Qhapaq";
			};
			name = DebugDev;
		};
		2EB7D71927AB3F7700B648E2 /* DebugQA */ = {
			isa = XCBuildConfiguration;
			buildSettings = {
				ALWAYS_SEARCH_USER_PATHS = NO;
				BUNDLE_LOADER = "$(TEST_HOST)";
				CLANG_ANALYZER_NONNULL = YES;
				CLANG_ANALYZER_NUMBER_OBJECT_CONVERSION = YES_AGGRESSIVE;
				CLANG_CXX_LANGUAGE_STANDARD = "gnu++17";
				CLANG_CXX_LIBRARY = "libc++";
				CLANG_ENABLE_MODULES = YES;
				CLANG_ENABLE_OBJC_ARC = YES;
				CLANG_ENABLE_OBJC_WEAK = YES;
				CLANG_WARN_BLOCK_CAPTURE_AUTORELEASING = YES;
				CLANG_WARN_BOOL_CONVERSION = YES;
				CLANG_WARN_COMMA = YES;
				CLANG_WARN_CONSTANT_CONVERSION = YES;
				CLANG_WARN_DEPRECATED_OBJC_IMPLEMENTATIONS = YES;
				CLANG_WARN_DIRECT_OBJC_ISA_USAGE = YES_ERROR;
				CLANG_WARN_DOCUMENTATION_COMMENTS = YES;
				CLANG_WARN_EMPTY_BODY = YES;
				CLANG_WARN_ENUM_CONVERSION = YES;
				CLANG_WARN_INFINITE_RECURSION = YES;
				CLANG_WARN_INT_CONVERSION = YES;
				CLANG_WARN_NON_LITERAL_NULL_CONVERSION = YES;
				CLANG_WARN_OBJC_IMPLICIT_RETAIN_SELF = YES;
				CLANG_WARN_OBJC_LITERAL_CONVERSION = YES;
				CLANG_WARN_OBJC_ROOT_CLASS = YES_ERROR;
				CLANG_WARN_QUOTED_INCLUDE_IN_FRAMEWORK_HEADER = YES;
				CLANG_WARN_RANGE_LOOP_ANALYSIS = YES;
				CLANG_WARN_STRICT_PROTOTYPES = YES;
				CLANG_WARN_SUSPICIOUS_MOVE = YES;
				CLANG_WARN_UNGUARDED_AVAILABILITY = YES_AGGRESSIVE;
				CLANG_WARN_UNREACHABLE_CODE = YES;
				CLANG_WARN__DUPLICATE_METHOD_MATCH = YES;
				CODE_SIGN_STYLE = Automatic;
				COPY_PHASE_STRIP = NO;
				CURRENT_PROJECT_VERSION = 2;
				DEBUG_INFORMATION_FORMAT = dwarf;
				DEVELOPMENT_TEAM = H3H95D45CM;
				ENABLE_STRICT_OBJC_MSGSEND = YES;
				ENABLE_TESTABILITY = YES;
				GCC_C_LANGUAGE_STANDARD = gnu11;
				GCC_DYNAMIC_NO_PIC = NO;
				GCC_NO_COMMON_BLOCKS = YES;
				GCC_OPTIMIZATION_LEVEL = 0;
				GCC_PREPROCESSOR_DEFINITIONS = (
					"DEBUG=1",
					"$(inherited)",
				);
				GCC_WARN_64_TO_32_BIT_CONVERSION = YES;
				GCC_WARN_ABOUT_RETURN_TYPE = YES_ERROR;
				GCC_WARN_UNDECLARED_SELECTOR = YES;
				GCC_WARN_UNINITIALIZED_AUTOS = YES_AGGRESSIVE;
				GCC_WARN_UNUSED_FUNCTION = YES;
				GCC_WARN_UNUSED_VARIABLE = YES;
				GENERATE_INFOPLIST_FILE = YES;
				IPHONEOS_DEPLOYMENT_TARGET = 15.2;
				MARKETING_VERSION = 1.0;
				MTL_ENABLE_DEBUG_INFO = INCLUDE_SOURCE;
				MTL_FAST_MATH = YES;
				ONLY_ACTIVE_ARCH = YES;
				PRODUCT_BUNDLE_IDENTIFIER = com.cal.QhapaqTests;
				PRODUCT_NAME = "$(TARGET_NAME)";
				SDKROOT = iphoneos;
				SWIFT_ACTIVE_COMPILATION_CONDITIONS = DEBUG;
				SWIFT_EMIT_LOC_STRINGS = NO;
				SWIFT_OPTIMIZATION_LEVEL = "-Onone";
				SWIFT_VERSION = 5.0;
				TARGETED_DEVICE_FAMILY = "1,2";
				TEST_HOST = "$(BUILT_PRODUCTS_DIR)/Qhapaq.app/Qhapaq";
			};
			name = DebugQA;
		};
		2EB7D71A27AB3F7700B648E2 /* ReleaseProd */ = {
			isa = XCBuildConfiguration;
			buildSettings = {
				ALWAYS_SEARCH_USER_PATHS = NO;
				BUNDLE_LOADER = "$(TEST_HOST)";
				CLANG_ANALYZER_NONNULL = YES;
				CLANG_ANALYZER_NUMBER_OBJECT_CONVERSION = YES_AGGRESSIVE;
				CLANG_CXX_LANGUAGE_STANDARD = "gnu++17";
				CLANG_CXX_LIBRARY = "libc++";
				CLANG_ENABLE_MODULES = YES;
				CLANG_ENABLE_OBJC_ARC = YES;
				CLANG_ENABLE_OBJC_WEAK = YES;
				CLANG_WARN_BLOCK_CAPTURE_AUTORELEASING = YES;
				CLANG_WARN_BOOL_CONVERSION = YES;
				CLANG_WARN_COMMA = YES;
				CLANG_WARN_CONSTANT_CONVERSION = YES;
				CLANG_WARN_DEPRECATED_OBJC_IMPLEMENTATIONS = YES;
				CLANG_WARN_DIRECT_OBJC_ISA_USAGE = YES_ERROR;
				CLANG_WARN_DOCUMENTATION_COMMENTS = YES;
				CLANG_WARN_EMPTY_BODY = YES;
				CLANG_WARN_ENUM_CONVERSION = YES;
				CLANG_WARN_INFINITE_RECURSION = YES;
				CLANG_WARN_INT_CONVERSION = YES;
				CLANG_WARN_NON_LITERAL_NULL_CONVERSION = YES;
				CLANG_WARN_OBJC_IMPLICIT_RETAIN_SELF = YES;
				CLANG_WARN_OBJC_LITERAL_CONVERSION = YES;
				CLANG_WARN_OBJC_ROOT_CLASS = YES_ERROR;
				CLANG_WARN_QUOTED_INCLUDE_IN_FRAMEWORK_HEADER = YES;
				CLANG_WARN_RANGE_LOOP_ANALYSIS = YES;
				CLANG_WARN_STRICT_PROTOTYPES = YES;
				CLANG_WARN_SUSPICIOUS_MOVE = YES;
				CLANG_WARN_UNGUARDED_AVAILABILITY = YES_AGGRESSIVE;
				CLANG_WARN_UNREACHABLE_CODE = YES;
				CLANG_WARN__DUPLICATE_METHOD_MATCH = YES;
				CODE_SIGN_STYLE = Automatic;
				COPY_PHASE_STRIP = NO;
				CURRENT_PROJECT_VERSION = 2;
				DEBUG_INFORMATION_FORMAT = "dwarf-with-dsym";
				DEVELOPMENT_TEAM = H3H95D45CM;
				ENABLE_NS_ASSERTIONS = NO;
				ENABLE_STRICT_OBJC_MSGSEND = YES;
				GCC_C_LANGUAGE_STANDARD = gnu11;
				GCC_NO_COMMON_BLOCKS = YES;
				GCC_WARN_64_TO_32_BIT_CONVERSION = YES;
				GCC_WARN_ABOUT_RETURN_TYPE = YES_ERROR;
				GCC_WARN_UNDECLARED_SELECTOR = YES;
				GCC_WARN_UNINITIALIZED_AUTOS = YES_AGGRESSIVE;
				GCC_WARN_UNUSED_FUNCTION = YES;
				GCC_WARN_UNUSED_VARIABLE = YES;
				GENERATE_INFOPLIST_FILE = YES;
				IPHONEOS_DEPLOYMENT_TARGET = 15.2;
				MARKETING_VERSION = 1.0;
				MTL_ENABLE_DEBUG_INFO = NO;
				MTL_FAST_MATH = YES;
				PRODUCT_BUNDLE_IDENTIFIER = com.cal.QhapaqTests;
				PRODUCT_NAME = "$(TARGET_NAME)";
				SDKROOT = iphoneos;
				SWIFT_COMPILATION_MODE = wholemodule;
				SWIFT_EMIT_LOC_STRINGS = NO;
				SWIFT_OPTIMIZATION_LEVEL = "-O";
				SWIFT_VERSION = 5.0;
				TARGETED_DEVICE_FAMILY = "1,2";
				TEST_HOST = "$(BUILT_PRODUCTS_DIR)/Qhapaq.app/Qhapaq";
				VALIDATE_PRODUCT = YES;
			};
			name = ReleaseProd;
		};
		2EB7D71B27AB3F7700B648E2 /* ReleaseDev */ = {
			isa = XCBuildConfiguration;
			buildSettings = {
				ALWAYS_SEARCH_USER_PATHS = NO;
				BUNDLE_LOADER = "$(TEST_HOST)";
				CLANG_ANALYZER_NONNULL = YES;
				CLANG_ANALYZER_NUMBER_OBJECT_CONVERSION = YES_AGGRESSIVE;
				CLANG_CXX_LANGUAGE_STANDARD = "gnu++17";
				CLANG_CXX_LIBRARY = "libc++";
				CLANG_ENABLE_MODULES = YES;
				CLANG_ENABLE_OBJC_ARC = YES;
				CLANG_ENABLE_OBJC_WEAK = YES;
				CLANG_WARN_BLOCK_CAPTURE_AUTORELEASING = YES;
				CLANG_WARN_BOOL_CONVERSION = YES;
				CLANG_WARN_COMMA = YES;
				CLANG_WARN_CONSTANT_CONVERSION = YES;
				CLANG_WARN_DEPRECATED_OBJC_IMPLEMENTATIONS = YES;
				CLANG_WARN_DIRECT_OBJC_ISA_USAGE = YES_ERROR;
				CLANG_WARN_DOCUMENTATION_COMMENTS = YES;
				CLANG_WARN_EMPTY_BODY = YES;
				CLANG_WARN_ENUM_CONVERSION = YES;
				CLANG_WARN_INFINITE_RECURSION = YES;
				CLANG_WARN_INT_CONVERSION = YES;
				CLANG_WARN_NON_LITERAL_NULL_CONVERSION = YES;
				CLANG_WARN_OBJC_IMPLICIT_RETAIN_SELF = YES;
				CLANG_WARN_OBJC_LITERAL_CONVERSION = YES;
				CLANG_WARN_OBJC_ROOT_CLASS = YES_ERROR;
				CLANG_WARN_QUOTED_INCLUDE_IN_FRAMEWORK_HEADER = YES;
				CLANG_WARN_RANGE_LOOP_ANALYSIS = YES;
				CLANG_WARN_STRICT_PROTOTYPES = YES;
				CLANG_WARN_SUSPICIOUS_MOVE = YES;
				CLANG_WARN_UNGUARDED_AVAILABILITY = YES_AGGRESSIVE;
				CLANG_WARN_UNREACHABLE_CODE = YES;
				CLANG_WARN__DUPLICATE_METHOD_MATCH = YES;
				CODE_SIGN_STYLE = Automatic;
				COPY_PHASE_STRIP = NO;
				CURRENT_PROJECT_VERSION = 2;
				DEBUG_INFORMATION_FORMAT = "dwarf-with-dsym";
				DEVELOPMENT_TEAM = H3H95D45CM;
				ENABLE_NS_ASSERTIONS = NO;
				ENABLE_STRICT_OBJC_MSGSEND = YES;
				GCC_C_LANGUAGE_STANDARD = gnu11;
				GCC_NO_COMMON_BLOCKS = YES;
				GCC_WARN_64_TO_32_BIT_CONVERSION = YES;
				GCC_WARN_ABOUT_RETURN_TYPE = YES_ERROR;
				GCC_WARN_UNDECLARED_SELECTOR = YES;
				GCC_WARN_UNINITIALIZED_AUTOS = YES_AGGRESSIVE;
				GCC_WARN_UNUSED_FUNCTION = YES;
				GCC_WARN_UNUSED_VARIABLE = YES;
				GENERATE_INFOPLIST_FILE = YES;
				IPHONEOS_DEPLOYMENT_TARGET = 15.2;
				MARKETING_VERSION = 1.0;
				MTL_ENABLE_DEBUG_INFO = NO;
				MTL_FAST_MATH = YES;
				PRODUCT_BUNDLE_IDENTIFIER = com.cal.QhapaqTests;
				PRODUCT_NAME = "$(TARGET_NAME)";
				SDKROOT = iphoneos;
				SWIFT_COMPILATION_MODE = wholemodule;
				SWIFT_EMIT_LOC_STRINGS = NO;
				SWIFT_OPTIMIZATION_LEVEL = "-O";
				SWIFT_VERSION = 5.0;
				TARGETED_DEVICE_FAMILY = "1,2";
				TEST_HOST = "$(BUILT_PRODUCTS_DIR)/Qhapaq.app/Qhapaq";
				VALIDATE_PRODUCT = YES;
			};
			name = ReleaseDev;
		};
		2EB7D71C27AB3F7700B648E2 /* ReleaseQA */ = {
			isa = XCBuildConfiguration;
			buildSettings = {
				ALWAYS_SEARCH_USER_PATHS = NO;
				BUNDLE_LOADER = "$(TEST_HOST)";
				CLANG_ANALYZER_NONNULL = YES;
				CLANG_ANALYZER_NUMBER_OBJECT_CONVERSION = YES_AGGRESSIVE;
				CLANG_CXX_LANGUAGE_STANDARD = "gnu++17";
				CLANG_CXX_LIBRARY = "libc++";
				CLANG_ENABLE_MODULES = YES;
				CLANG_ENABLE_OBJC_ARC = YES;
				CLANG_ENABLE_OBJC_WEAK = YES;
				CLANG_WARN_BLOCK_CAPTURE_AUTORELEASING = YES;
				CLANG_WARN_BOOL_CONVERSION = YES;
				CLANG_WARN_COMMA = YES;
				CLANG_WARN_CONSTANT_CONVERSION = YES;
				CLANG_WARN_DEPRECATED_OBJC_IMPLEMENTATIONS = YES;
				CLANG_WARN_DIRECT_OBJC_ISA_USAGE = YES_ERROR;
				CLANG_WARN_DOCUMENTATION_COMMENTS = YES;
				CLANG_WARN_EMPTY_BODY = YES;
				CLANG_WARN_ENUM_CONVERSION = YES;
				CLANG_WARN_INFINITE_RECURSION = YES;
				CLANG_WARN_INT_CONVERSION = YES;
				CLANG_WARN_NON_LITERAL_NULL_CONVERSION = YES;
				CLANG_WARN_OBJC_IMPLICIT_RETAIN_SELF = YES;
				CLANG_WARN_OBJC_LITERAL_CONVERSION = YES;
				CLANG_WARN_OBJC_ROOT_CLASS = YES_ERROR;
				CLANG_WARN_QUOTED_INCLUDE_IN_FRAMEWORK_HEADER = YES;
				CLANG_WARN_RANGE_LOOP_ANALYSIS = YES;
				CLANG_WARN_STRICT_PROTOTYPES = YES;
				CLANG_WARN_SUSPICIOUS_MOVE = YES;
				CLANG_WARN_UNGUARDED_AVAILABILITY = YES_AGGRESSIVE;
				CLANG_WARN_UNREACHABLE_CODE = YES;
				CLANG_WARN__DUPLICATE_METHOD_MATCH = YES;
				CODE_SIGN_STYLE = Automatic;
				COPY_PHASE_STRIP = NO;
				CURRENT_PROJECT_VERSION = 2;
				DEBUG_INFORMATION_FORMAT = "dwarf-with-dsym";
				DEVELOPMENT_TEAM = H3H95D45CM;
				ENABLE_NS_ASSERTIONS = NO;
				ENABLE_STRICT_OBJC_MSGSEND = YES;
				GCC_C_LANGUAGE_STANDARD = gnu11;
				GCC_NO_COMMON_BLOCKS = YES;
				GCC_WARN_64_TO_32_BIT_CONVERSION = YES;
				GCC_WARN_ABOUT_RETURN_TYPE = YES_ERROR;
				GCC_WARN_UNDECLARED_SELECTOR = YES;
				GCC_WARN_UNINITIALIZED_AUTOS = YES_AGGRESSIVE;
				GCC_WARN_UNUSED_FUNCTION = YES;
				GCC_WARN_UNUSED_VARIABLE = YES;
				GENERATE_INFOPLIST_FILE = YES;
				IPHONEOS_DEPLOYMENT_TARGET = 15.2;
				MARKETING_VERSION = 1.0;
				MTL_ENABLE_DEBUG_INFO = NO;
				MTL_FAST_MATH = YES;
				PRODUCT_BUNDLE_IDENTIFIER = com.cal.QhapaqTests;
				PRODUCT_NAME = "$(TARGET_NAME)";
				SDKROOT = iphoneos;
				SWIFT_COMPILATION_MODE = wholemodule;
				SWIFT_EMIT_LOC_STRINGS = NO;
				SWIFT_OPTIMIZATION_LEVEL = "-O";
				SWIFT_VERSION = 5.0;
				TARGETED_DEVICE_FAMILY = "1,2";
				TEST_HOST = "$(BUILT_PRODUCTS_DIR)/Qhapaq.app/Qhapaq";
				VALIDATE_PRODUCT = YES;
			};
			name = ReleaseQA;
		};
		40A0EAB4276E826D009D91C1 /* DebugQA */ = {
			isa = XCBuildConfiguration;
			buildSettings = {
				ALWAYS_SEARCH_USER_PATHS = NO;
				CLANG_ANALYZER_LOCALIZABILITY_NONLOCALIZED = YES;
				CLANG_ANALYZER_NONNULL = YES;
				CLANG_ANALYZER_NUMBER_OBJECT_CONVERSION = YES_AGGRESSIVE;
				CLANG_CXX_LANGUAGE_STANDARD = "gnu++14";
				CLANG_CXX_LIBRARY = "libc++";
				CLANG_ENABLE_MODULES = YES;
				CLANG_ENABLE_OBJC_ARC = YES;
				CLANG_ENABLE_OBJC_WEAK = YES;
				CLANG_WARN_BLOCK_CAPTURE_AUTORELEASING = YES;
				CLANG_WARN_BOOL_CONVERSION = YES;
				CLANG_WARN_COMMA = YES;
				CLANG_WARN_CONSTANT_CONVERSION = YES;
				CLANG_WARN_DEPRECATED_OBJC_IMPLEMENTATIONS = YES;
				CLANG_WARN_DIRECT_OBJC_ISA_USAGE = YES_ERROR;
				CLANG_WARN_DOCUMENTATION_COMMENTS = YES;
				CLANG_WARN_EMPTY_BODY = YES;
				CLANG_WARN_ENUM_CONVERSION = YES;
				CLANG_WARN_INFINITE_RECURSION = YES;
				CLANG_WARN_INT_CONVERSION = YES;
				CLANG_WARN_NON_LITERAL_NULL_CONVERSION = YES;
				CLANG_WARN_OBJC_IMPLICIT_RETAIN_SELF = YES;
				CLANG_WARN_OBJC_LITERAL_CONVERSION = YES;
				CLANG_WARN_OBJC_ROOT_CLASS = YES_ERROR;
				CLANG_WARN_QUOTED_INCLUDE_IN_FRAMEWORK_HEADER = YES;
				CLANG_WARN_RANGE_LOOP_ANALYSIS = YES;
				CLANG_WARN_STRICT_PROTOTYPES = YES;
				CLANG_WARN_SUSPICIOUS_MOVE = YES;
				CLANG_WARN_UNGUARDED_AVAILABILITY = YES_AGGRESSIVE;
				CLANG_WARN_UNREACHABLE_CODE = YES;
				CLANG_WARN__DUPLICATE_METHOD_MATCH = YES;
				COPY_PHASE_STRIP = NO;
				DEBUG_INFORMATION_FORMAT = dwarf;
				ENABLE_STRICT_OBJC_MSGSEND = YES;
				ENABLE_TESTABILITY = YES;
				GCC_C_LANGUAGE_STANDARD = gnu11;
				GCC_DYNAMIC_NO_PIC = NO;
				GCC_NO_COMMON_BLOCKS = YES;
				GCC_OPTIMIZATION_LEVEL = 0;
				GCC_PREPROCESSOR_DEFINITIONS = (
					"DEBUG=1",
					"$(inherited)",
				);
				GCC_WARN_64_TO_32_BIT_CONVERSION = YES;
				GCC_WARN_ABOUT_RETURN_TYPE = YES_ERROR;
				GCC_WARN_UNDECLARED_SELECTOR = YES;
				GCC_WARN_UNINITIALIZED_AUTOS = YES_AGGRESSIVE;
				GCC_WARN_UNUSED_FUNCTION = YES;
				GCC_WARN_UNUSED_VARIABLE = YES;
				IPHONEOS_DEPLOYMENT_TARGET = 14.5;
				MTL_ENABLE_DEBUG_INFO = INCLUDE_SOURCE;
				MTL_FAST_MATH = YES;
				ONLY_ACTIVE_ARCH = YES;
				SDKROOT = iphoneos;
				SWIFT_ACTIVE_COMPILATION_CONDITIONS = DEBUG;
				SWIFT_OPTIMIZATION_LEVEL = "-Onone";
			};
			name = DebugQA;
		};
		40A0EAB5276E826D009D91C1 /* DebugQA */ = {
			isa = XCBuildConfiguration;
			baseConfigurationReference = 40714612276E88200010C3B3 /* ConfigQA.xcconfig */;
			buildSettings = {
				ASSETCATALOG_COMPILER_APPICON_NAME = AppIcon;
				ASSETCATALOG_COMPILER_GLOBAL_ACCENT_COLOR_NAME = AccentColor;
				CODE_SIGN_ENTITLEMENTS = Qhapaq/Qhapaq.entitlements;
				CODE_SIGN_STYLE = Automatic;
				DEVELOPMENT_TEAM = H3H95D45CM;
				INFOPLIST_FILE = Qhapaq/Info.plist;
				LD_RUNPATH_SEARCH_PATHS = (
					"$(inherited)",
					"@executable_path/Frameworks",
				);
				PRODUCT_BUNDLE_IDENTIFIER = com.cal.Qhapaq;
				PRODUCT_NAME = "$(TARGET_NAME)";
				SWIFT_VERSION = 5.0;
				TARGETED_DEVICE_FAMILY = 1;
			};
			name = DebugQA;
		};
		40A0EAB6276E8276009D91C1 /* ReleaseQA */ = {
			isa = XCBuildConfiguration;
			buildSettings = {
				ALWAYS_SEARCH_USER_PATHS = NO;
				CLANG_ANALYZER_LOCALIZABILITY_NONLOCALIZED = YES;
				CLANG_ANALYZER_NONNULL = YES;
				CLANG_ANALYZER_NUMBER_OBJECT_CONVERSION = YES_AGGRESSIVE;
				CLANG_CXX_LANGUAGE_STANDARD = "gnu++14";
				CLANG_CXX_LIBRARY = "libc++";
				CLANG_ENABLE_MODULES = YES;
				CLANG_ENABLE_OBJC_ARC = YES;
				CLANG_ENABLE_OBJC_WEAK = YES;
				CLANG_WARN_BLOCK_CAPTURE_AUTORELEASING = YES;
				CLANG_WARN_BOOL_CONVERSION = YES;
				CLANG_WARN_COMMA = YES;
				CLANG_WARN_CONSTANT_CONVERSION = YES;
				CLANG_WARN_DEPRECATED_OBJC_IMPLEMENTATIONS = YES;
				CLANG_WARN_DIRECT_OBJC_ISA_USAGE = YES_ERROR;
				CLANG_WARN_DOCUMENTATION_COMMENTS = YES;
				CLANG_WARN_EMPTY_BODY = YES;
				CLANG_WARN_ENUM_CONVERSION = YES;
				CLANG_WARN_INFINITE_RECURSION = YES;
				CLANG_WARN_INT_CONVERSION = YES;
				CLANG_WARN_NON_LITERAL_NULL_CONVERSION = YES;
				CLANG_WARN_OBJC_IMPLICIT_RETAIN_SELF = YES;
				CLANG_WARN_OBJC_LITERAL_CONVERSION = YES;
				CLANG_WARN_OBJC_ROOT_CLASS = YES_ERROR;
				CLANG_WARN_QUOTED_INCLUDE_IN_FRAMEWORK_HEADER = YES;
				CLANG_WARN_RANGE_LOOP_ANALYSIS = YES;
				CLANG_WARN_STRICT_PROTOTYPES = YES;
				CLANG_WARN_SUSPICIOUS_MOVE = YES;
				CLANG_WARN_UNGUARDED_AVAILABILITY = YES_AGGRESSIVE;
				CLANG_WARN_UNREACHABLE_CODE = YES;
				CLANG_WARN__DUPLICATE_METHOD_MATCH = YES;
				COPY_PHASE_STRIP = NO;
				DEBUG_INFORMATION_FORMAT = "dwarf-with-dsym";
				ENABLE_NS_ASSERTIONS = NO;
				ENABLE_STRICT_OBJC_MSGSEND = YES;
				GCC_C_LANGUAGE_STANDARD = gnu11;
				GCC_NO_COMMON_BLOCKS = YES;
				GCC_WARN_64_TO_32_BIT_CONVERSION = YES;
				GCC_WARN_ABOUT_RETURN_TYPE = YES_ERROR;
				GCC_WARN_UNDECLARED_SELECTOR = YES;
				GCC_WARN_UNINITIALIZED_AUTOS = YES_AGGRESSIVE;
				GCC_WARN_UNUSED_FUNCTION = YES;
				GCC_WARN_UNUSED_VARIABLE = YES;
				IPHONEOS_DEPLOYMENT_TARGET = 14.5;
				MTL_ENABLE_DEBUG_INFO = NO;
				MTL_FAST_MATH = YES;
				SDKROOT = iphoneos;
				SWIFT_COMPILATION_MODE = wholemodule;
				SWIFT_OPTIMIZATION_LEVEL = "-O";
				VALIDATE_PRODUCT = YES;
			};
			name = ReleaseQA;
		};
		40A0EAB7276E8276009D91C1 /* ReleaseQA */ = {
			isa = XCBuildConfiguration;
			baseConfigurationReference = 40714612276E88200010C3B3 /* ConfigQA.xcconfig */;
			buildSettings = {
				ASSETCATALOG_COMPILER_APPICON_NAME = AppIcon;
				ASSETCATALOG_COMPILER_GLOBAL_ACCENT_COLOR_NAME = AccentColor;
				CODE_SIGN_ENTITLEMENTS = Qhapaq/Qhapaq.entitlements;
				CODE_SIGN_STYLE = Automatic;
				DEVELOPMENT_TEAM = H3H95D45CM;
				INFOPLIST_FILE = Qhapaq/Info.plist;
				LD_RUNPATH_SEARCH_PATHS = (
					"$(inherited)",
					"@executable_path/Frameworks",
				);
				PRODUCT_BUNDLE_IDENTIFIER = com.cal.Qhapaq;
				PRODUCT_NAME = "$(TARGET_NAME)";
				SWIFT_VERSION = 5.0;
				TARGETED_DEVICE_FAMILY = 1;
			};
			name = ReleaseQA;
		};
		40A0EAB8276E829D009D91C1 /* DebugDev */ = {
			isa = XCBuildConfiguration;
			buildSettings = {
				ALWAYS_SEARCH_USER_PATHS = NO;
				CLANG_ANALYZER_LOCALIZABILITY_NONLOCALIZED = YES;
				CLANG_ANALYZER_NONNULL = YES;
				CLANG_ANALYZER_NUMBER_OBJECT_CONVERSION = YES_AGGRESSIVE;
				CLANG_CXX_LANGUAGE_STANDARD = "gnu++14";
				CLANG_CXX_LIBRARY = "libc++";
				CLANG_ENABLE_MODULES = YES;
				CLANG_ENABLE_OBJC_ARC = YES;
				CLANG_ENABLE_OBJC_WEAK = YES;
				CLANG_WARN_BLOCK_CAPTURE_AUTORELEASING = YES;
				CLANG_WARN_BOOL_CONVERSION = YES;
				CLANG_WARN_COMMA = YES;
				CLANG_WARN_CONSTANT_CONVERSION = YES;
				CLANG_WARN_DEPRECATED_OBJC_IMPLEMENTATIONS = YES;
				CLANG_WARN_DIRECT_OBJC_ISA_USAGE = YES_ERROR;
				CLANG_WARN_DOCUMENTATION_COMMENTS = YES;
				CLANG_WARN_EMPTY_BODY = YES;
				CLANG_WARN_ENUM_CONVERSION = YES;
				CLANG_WARN_INFINITE_RECURSION = YES;
				CLANG_WARN_INT_CONVERSION = YES;
				CLANG_WARN_NON_LITERAL_NULL_CONVERSION = YES;
				CLANG_WARN_OBJC_IMPLICIT_RETAIN_SELF = YES;
				CLANG_WARN_OBJC_LITERAL_CONVERSION = YES;
				CLANG_WARN_OBJC_ROOT_CLASS = YES_ERROR;
				CLANG_WARN_QUOTED_INCLUDE_IN_FRAMEWORK_HEADER = YES;
				CLANG_WARN_RANGE_LOOP_ANALYSIS = YES;
				CLANG_WARN_STRICT_PROTOTYPES = YES;
				CLANG_WARN_SUSPICIOUS_MOVE = YES;
				CLANG_WARN_UNGUARDED_AVAILABILITY = YES_AGGRESSIVE;
				CLANG_WARN_UNREACHABLE_CODE = YES;
				CLANG_WARN__DUPLICATE_METHOD_MATCH = YES;
				COPY_PHASE_STRIP = NO;
				DEBUG_INFORMATION_FORMAT = dwarf;
				ENABLE_STRICT_OBJC_MSGSEND = YES;
				ENABLE_TESTABILITY = YES;
				GCC_C_LANGUAGE_STANDARD = gnu11;
				GCC_DYNAMIC_NO_PIC = NO;
				GCC_NO_COMMON_BLOCKS = YES;
				GCC_OPTIMIZATION_LEVEL = 0;
				GCC_PREPROCESSOR_DEFINITIONS = (
					"DEBUG=1",
					"$(inherited)",
				);
				GCC_WARN_64_TO_32_BIT_CONVERSION = YES;
				GCC_WARN_ABOUT_RETURN_TYPE = YES_ERROR;
				GCC_WARN_UNDECLARED_SELECTOR = YES;
				GCC_WARN_UNINITIALIZED_AUTOS = YES_AGGRESSIVE;
				GCC_WARN_UNUSED_FUNCTION = YES;
				GCC_WARN_UNUSED_VARIABLE = YES;
				IPHONEOS_DEPLOYMENT_TARGET = 14.5;
				MTL_ENABLE_DEBUG_INFO = INCLUDE_SOURCE;
				MTL_FAST_MATH = YES;
				ONLY_ACTIVE_ARCH = YES;
				SDKROOT = iphoneos;
				SWIFT_ACTIVE_COMPILATION_CONDITIONS = DEBUG;
				SWIFT_OPTIMIZATION_LEVEL = "-Onone";
			};
			name = DebugDev;
		};
		40A0EAB9276E829D009D91C1 /* DebugDev */ = {
			isa = XCBuildConfiguration;
			baseConfigurationReference = 40714611276E880D0010C3B3 /* ConfigDev.xcconfig */;
			buildSettings = {
				ASSETCATALOG_COMPILER_APPICON_NAME = AppIcon;
				ASSETCATALOG_COMPILER_GLOBAL_ACCENT_COLOR_NAME = AccentColor;
				CODE_SIGN_ENTITLEMENTS = Qhapaq/Qhapaq.entitlements;
				CODE_SIGN_STYLE = Automatic;
				DEVELOPMENT_TEAM = H3H95D45CM;
				INFOPLIST_FILE = Qhapaq/Info.plist;
				LD_RUNPATH_SEARCH_PATHS = (
					"$(inherited)",
					"@executable_path/Frameworks",
				);
				PRODUCT_BUNDLE_IDENTIFIER = com.cal.Qhapaq;
				PRODUCT_NAME = "$(TARGET_NAME)";
				SWIFT_VERSION = 5.0;
				TARGETED_DEVICE_FAMILY = 1;
			};
			name = DebugDev;
		};
		40A0EABA276E82A9009D91C1 /* ReleaseDev */ = {
			isa = XCBuildConfiguration;
			buildSettings = {
				ALWAYS_SEARCH_USER_PATHS = NO;
				CLANG_ANALYZER_LOCALIZABILITY_NONLOCALIZED = YES;
				CLANG_ANALYZER_NONNULL = YES;
				CLANG_ANALYZER_NUMBER_OBJECT_CONVERSION = YES_AGGRESSIVE;
				CLANG_CXX_LANGUAGE_STANDARD = "gnu++14";
				CLANG_CXX_LIBRARY = "libc++";
				CLANG_ENABLE_MODULES = YES;
				CLANG_ENABLE_OBJC_ARC = YES;
				CLANG_ENABLE_OBJC_WEAK = YES;
				CLANG_WARN_BLOCK_CAPTURE_AUTORELEASING = YES;
				CLANG_WARN_BOOL_CONVERSION = YES;
				CLANG_WARN_COMMA = YES;
				CLANG_WARN_CONSTANT_CONVERSION = YES;
				CLANG_WARN_DEPRECATED_OBJC_IMPLEMENTATIONS = YES;
				CLANG_WARN_DIRECT_OBJC_ISA_USAGE = YES_ERROR;
				CLANG_WARN_DOCUMENTATION_COMMENTS = YES;
				CLANG_WARN_EMPTY_BODY = YES;
				CLANG_WARN_ENUM_CONVERSION = YES;
				CLANG_WARN_INFINITE_RECURSION = YES;
				CLANG_WARN_INT_CONVERSION = YES;
				CLANG_WARN_NON_LITERAL_NULL_CONVERSION = YES;
				CLANG_WARN_OBJC_IMPLICIT_RETAIN_SELF = YES;
				CLANG_WARN_OBJC_LITERAL_CONVERSION = YES;
				CLANG_WARN_OBJC_ROOT_CLASS = YES_ERROR;
				CLANG_WARN_QUOTED_INCLUDE_IN_FRAMEWORK_HEADER = YES;
				CLANG_WARN_RANGE_LOOP_ANALYSIS = YES;
				CLANG_WARN_STRICT_PROTOTYPES = YES;
				CLANG_WARN_SUSPICIOUS_MOVE = YES;
				CLANG_WARN_UNGUARDED_AVAILABILITY = YES_AGGRESSIVE;
				CLANG_WARN_UNREACHABLE_CODE = YES;
				CLANG_WARN__DUPLICATE_METHOD_MATCH = YES;
				COPY_PHASE_STRIP = NO;
				DEBUG_INFORMATION_FORMAT = "dwarf-with-dsym";
				ENABLE_NS_ASSERTIONS = NO;
				ENABLE_STRICT_OBJC_MSGSEND = YES;
				GCC_C_LANGUAGE_STANDARD = gnu11;
				GCC_NO_COMMON_BLOCKS = YES;
				GCC_WARN_64_TO_32_BIT_CONVERSION = YES;
				GCC_WARN_ABOUT_RETURN_TYPE = YES_ERROR;
				GCC_WARN_UNDECLARED_SELECTOR = YES;
				GCC_WARN_UNINITIALIZED_AUTOS = YES_AGGRESSIVE;
				GCC_WARN_UNUSED_FUNCTION = YES;
				GCC_WARN_UNUSED_VARIABLE = YES;
				IPHONEOS_DEPLOYMENT_TARGET = 14.5;
				MTL_ENABLE_DEBUG_INFO = NO;
				MTL_FAST_MATH = YES;
				SDKROOT = iphoneos;
				SWIFT_COMPILATION_MODE = wholemodule;
				SWIFT_OPTIMIZATION_LEVEL = "-O";
				VALIDATE_PRODUCT = YES;
			};
			name = ReleaseDev;
		};
		40A0EABB276E82A9009D91C1 /* ReleaseDev */ = {
			isa = XCBuildConfiguration;
			baseConfigurationReference = 40714611276E880D0010C3B3 /* ConfigDev.xcconfig */;
			buildSettings = {
				ASSETCATALOG_COMPILER_APPICON_NAME = AppIcon;
				ASSETCATALOG_COMPILER_GLOBAL_ACCENT_COLOR_NAME = AccentColor;
				CODE_SIGN_ENTITLEMENTS = Qhapaq/Qhapaq.entitlements;
				CODE_SIGN_STYLE = Automatic;
				DEVELOPMENT_TEAM = H3H95D45CM;
				INFOPLIST_FILE = Qhapaq/Info.plist;
				LD_RUNPATH_SEARCH_PATHS = (
					"$(inherited)",
					"@executable_path/Frameworks",
				);
				PRODUCT_BUNDLE_IDENTIFIER = com.cal.Qhapaq;
				PRODUCT_NAME = "$(TARGET_NAME)";
				SWIFT_VERSION = 5.0;
				TARGETED_DEVICE_FAMILY = 1;
			};
			name = ReleaseDev;
		};
		40A0EABC276E82B9009D91C1 /* ReleaseProd */ = {
			isa = XCBuildConfiguration;
			buildSettings = {
				ALWAYS_SEARCH_USER_PATHS = NO;
				CLANG_ANALYZER_LOCALIZABILITY_NONLOCALIZED = YES;
				CLANG_ANALYZER_NONNULL = YES;
				CLANG_ANALYZER_NUMBER_OBJECT_CONVERSION = YES_AGGRESSIVE;
				CLANG_CXX_LANGUAGE_STANDARD = "gnu++14";
				CLANG_CXX_LIBRARY = "libc++";
				CLANG_ENABLE_MODULES = YES;
				CLANG_ENABLE_OBJC_ARC = YES;
				CLANG_ENABLE_OBJC_WEAK = YES;
				CLANG_WARN_BLOCK_CAPTURE_AUTORELEASING = YES;
				CLANG_WARN_BOOL_CONVERSION = YES;
				CLANG_WARN_COMMA = YES;
				CLANG_WARN_CONSTANT_CONVERSION = YES;
				CLANG_WARN_DEPRECATED_OBJC_IMPLEMENTATIONS = YES;
				CLANG_WARN_DIRECT_OBJC_ISA_USAGE = YES_ERROR;
				CLANG_WARN_DOCUMENTATION_COMMENTS = YES;
				CLANG_WARN_EMPTY_BODY = YES;
				CLANG_WARN_ENUM_CONVERSION = YES;
				CLANG_WARN_INFINITE_RECURSION = YES;
				CLANG_WARN_INT_CONVERSION = YES;
				CLANG_WARN_NON_LITERAL_NULL_CONVERSION = YES;
				CLANG_WARN_OBJC_IMPLICIT_RETAIN_SELF = YES;
				CLANG_WARN_OBJC_LITERAL_CONVERSION = YES;
				CLANG_WARN_OBJC_ROOT_CLASS = YES_ERROR;
				CLANG_WARN_QUOTED_INCLUDE_IN_FRAMEWORK_HEADER = YES;
				CLANG_WARN_RANGE_LOOP_ANALYSIS = YES;
				CLANG_WARN_STRICT_PROTOTYPES = YES;
				CLANG_WARN_SUSPICIOUS_MOVE = YES;
				CLANG_WARN_UNGUARDED_AVAILABILITY = YES_AGGRESSIVE;
				CLANG_WARN_UNREACHABLE_CODE = YES;
				CLANG_WARN__DUPLICATE_METHOD_MATCH = YES;
				COPY_PHASE_STRIP = NO;
				DEBUG_INFORMATION_FORMAT = "dwarf-with-dsym";
				ENABLE_NS_ASSERTIONS = NO;
				ENABLE_STRICT_OBJC_MSGSEND = YES;
				GCC_C_LANGUAGE_STANDARD = gnu11;
				GCC_NO_COMMON_BLOCKS = YES;
				GCC_WARN_64_TO_32_BIT_CONVERSION = YES;
				GCC_WARN_ABOUT_RETURN_TYPE = YES_ERROR;
				GCC_WARN_UNDECLARED_SELECTOR = YES;
				GCC_WARN_UNINITIALIZED_AUTOS = YES_AGGRESSIVE;
				GCC_WARN_UNUSED_FUNCTION = YES;
				GCC_WARN_UNUSED_VARIABLE = YES;
				IPHONEOS_DEPLOYMENT_TARGET = 14.5;
				MTL_ENABLE_DEBUG_INFO = NO;
				MTL_FAST_MATH = YES;
				SDKROOT = iphoneos;
				SWIFT_COMPILATION_MODE = wholemodule;
				SWIFT_OPTIMIZATION_LEVEL = "-O";
				VALIDATE_PRODUCT = YES;
			};
			name = ReleaseProd;
		};
		40A0EABD276E82B9009D91C1 /* ReleaseProd */ = {
			isa = XCBuildConfiguration;
			baseConfigurationReference = 40714613276E882C0010C3B3 /* ConfigProd.xcconfig */;
			buildSettings = {
				ASSETCATALOG_COMPILER_APPICON_NAME = AppIcon;
				ASSETCATALOG_COMPILER_GLOBAL_ACCENT_COLOR_NAME = AccentColor;
				CODE_SIGN_ENTITLEMENTS = Qhapaq/Qhapaq.entitlements;
				CODE_SIGN_STYLE = Automatic;
				DEVELOPMENT_TEAM = H3H95D45CM;
				INFOPLIST_FILE = Qhapaq/Info.plist;
				LD_RUNPATH_SEARCH_PATHS = (
					"$(inherited)",
					"@executable_path/Frameworks",
				);
				PRODUCT_BUNDLE_IDENTIFIER = com.cal.Qhapaq;
				PRODUCT_NAME = "$(TARGET_NAME)";
				SWIFT_VERSION = 5.0;
				TARGETED_DEVICE_FAMILY = 1;
			};
			name = ReleaseProd;
		};
		40A0EABE276E82D1009D91C1 /* DebugProd */ = {
			isa = XCBuildConfiguration;
			buildSettings = {
				ALWAYS_SEARCH_USER_PATHS = NO;
				CLANG_ANALYZER_LOCALIZABILITY_NONLOCALIZED = YES;
				CLANG_ANALYZER_NONNULL = YES;
				CLANG_ANALYZER_NUMBER_OBJECT_CONVERSION = YES_AGGRESSIVE;
				CLANG_CXX_LANGUAGE_STANDARD = "gnu++14";
				CLANG_CXX_LIBRARY = "libc++";
				CLANG_ENABLE_MODULES = YES;
				CLANG_ENABLE_OBJC_ARC = YES;
				CLANG_ENABLE_OBJC_WEAK = YES;
				CLANG_WARN_BLOCK_CAPTURE_AUTORELEASING = YES;
				CLANG_WARN_BOOL_CONVERSION = YES;
				CLANG_WARN_COMMA = YES;
				CLANG_WARN_CONSTANT_CONVERSION = YES;
				CLANG_WARN_DEPRECATED_OBJC_IMPLEMENTATIONS = YES;
				CLANG_WARN_DIRECT_OBJC_ISA_USAGE = YES_ERROR;
				CLANG_WARN_DOCUMENTATION_COMMENTS = YES;
				CLANG_WARN_EMPTY_BODY = YES;
				CLANG_WARN_ENUM_CONVERSION = YES;
				CLANG_WARN_INFINITE_RECURSION = YES;
				CLANG_WARN_INT_CONVERSION = YES;
				CLANG_WARN_NON_LITERAL_NULL_CONVERSION = YES;
				CLANG_WARN_OBJC_IMPLICIT_RETAIN_SELF = YES;
				CLANG_WARN_OBJC_LITERAL_CONVERSION = YES;
				CLANG_WARN_OBJC_ROOT_CLASS = YES_ERROR;
				CLANG_WARN_QUOTED_INCLUDE_IN_FRAMEWORK_HEADER = YES;
				CLANG_WARN_RANGE_LOOP_ANALYSIS = YES;
				CLANG_WARN_STRICT_PROTOTYPES = YES;
				CLANG_WARN_SUSPICIOUS_MOVE = YES;
				CLANG_WARN_UNGUARDED_AVAILABILITY = YES_AGGRESSIVE;
				CLANG_WARN_UNREACHABLE_CODE = YES;
				CLANG_WARN__DUPLICATE_METHOD_MATCH = YES;
				COPY_PHASE_STRIP = NO;
				DEBUG_INFORMATION_FORMAT = dwarf;
				ENABLE_STRICT_OBJC_MSGSEND = YES;
				ENABLE_TESTABILITY = YES;
				GCC_C_LANGUAGE_STANDARD = gnu11;
				GCC_DYNAMIC_NO_PIC = NO;
				GCC_NO_COMMON_BLOCKS = YES;
				GCC_OPTIMIZATION_LEVEL = 0;
				GCC_PREPROCESSOR_DEFINITIONS = (
					"DEBUG=1",
					"$(inherited)",
				);
				GCC_WARN_64_TO_32_BIT_CONVERSION = YES;
				GCC_WARN_ABOUT_RETURN_TYPE = YES_ERROR;
				GCC_WARN_UNDECLARED_SELECTOR = YES;
				GCC_WARN_UNINITIALIZED_AUTOS = YES_AGGRESSIVE;
				GCC_WARN_UNUSED_FUNCTION = YES;
				GCC_WARN_UNUSED_VARIABLE = YES;
				IPHONEOS_DEPLOYMENT_TARGET = 14.5;
				MTL_ENABLE_DEBUG_INFO = INCLUDE_SOURCE;
				MTL_FAST_MATH = YES;
				ONLY_ACTIVE_ARCH = YES;
				SDKROOT = iphoneos;
				SWIFT_ACTIVE_COMPILATION_CONDITIONS = DEBUG;
				SWIFT_OPTIMIZATION_LEVEL = "-Onone";
			};
			name = DebugProd;
		};
		40A0EABF276E82D1009D91C1 /* DebugProd */ = {
			isa = XCBuildConfiguration;
			baseConfigurationReference = 40714613276E882C0010C3B3 /* ConfigProd.xcconfig */;
			buildSettings = {
				ASSETCATALOG_COMPILER_APPICON_NAME = AppIcon;
				ASSETCATALOG_COMPILER_GLOBAL_ACCENT_COLOR_NAME = AccentColor;
				CODE_SIGN_ENTITLEMENTS = Qhapaq/Qhapaq.entitlements;
				CODE_SIGN_STYLE = Automatic;
				DEVELOPMENT_TEAM = H3H95D45CM;
				INFOPLIST_FILE = Qhapaq/Info.plist;
				LD_RUNPATH_SEARCH_PATHS = (
					"$(inherited)",
					"@executable_path/Frameworks",
				);
				PRODUCT_BUNDLE_IDENTIFIER = com.cal.Qhapaq;
				PRODUCT_NAME = "$(TARGET_NAME)";
				SWIFT_VERSION = 5.0;
				TARGETED_DEVICE_FAMILY = 1;
			};
			name = DebugProd;
		};
/* End XCBuildConfiguration section */

/* Begin XCConfigurationList section */
		2EB7D71627AB3F7700B648E2 /* Build configuration list for PBXNativeTarget "QhapaqTests" */ = {
			isa = XCConfigurationList;
			buildConfigurations = (
				2EB7D71727AB3F7700B648E2 /* DebugProd */,
				2EB7D71827AB3F7700B648E2 /* DebugDev */,
				2EB7D71927AB3F7700B648E2 /* DebugQA */,
				2EB7D71A27AB3F7700B648E2 /* ReleaseProd */,
				2EB7D71B27AB3F7700B648E2 /* ReleaseDev */,
				2EB7D71C27AB3F7700B648E2 /* ReleaseQA */,
			);
			defaultConfigurationIsVisible = 0;
			defaultConfigurationName = DebugProd;
		};
		408BBF08269E7AC000B37970 /* Build configuration list for PBXProject "Qhapaq" */ = {
			isa = XCConfigurationList;
			buildConfigurations = (
				40A0EABE276E82D1009D91C1 /* DebugProd */,
				40A0EAB8276E829D009D91C1 /* DebugDev */,
				40A0EAB4276E826D009D91C1 /* DebugQA */,
				40A0EABC276E82B9009D91C1 /* ReleaseProd */,
				40A0EABA276E82A9009D91C1 /* ReleaseDev */,
				40A0EAB6276E8276009D91C1 /* ReleaseQA */,
			);
			defaultConfigurationIsVisible = 0;
			defaultConfigurationName = DebugProd;
		};
		408BBF21269E7AC100B37970 /* Build configuration list for PBXNativeTarget "Qhapaq" */ = {
			isa = XCConfigurationList;
			buildConfigurations = (
				40A0EABF276E82D1009D91C1 /* DebugProd */,
				40A0EAB9276E829D009D91C1 /* DebugDev */,
				40A0EAB5276E826D009D91C1 /* DebugQA */,
				40A0EABD276E82B9009D91C1 /* ReleaseProd */,
				40A0EABB276E82A9009D91C1 /* ReleaseDev */,
				40A0EAB7276E8276009D91C1 /* ReleaseQA */,
			);
			defaultConfigurationIsVisible = 0;
			defaultConfigurationName = DebugProd;
		};
/* End XCConfigurationList section */

/* Begin XCRemoteSwiftPackageReference section */
		2EB7D70927AB3EDA00B648E2 /* XCRemoteSwiftPackageReference "GenericUtilities" */ = {
			isa = XCRemoteSwiftPackageReference;
			repositoryURL = "https://github.com/cristian064/GenericUtilities.git";
			requirement = {
				branch = feature/req001;
				kind = branch;
			};
		};
		409B3A842766601500200F02 /* XCRemoteSwiftPackageReference "CoreDataHelp" */ = {
			isa = XCRemoteSwiftPackageReference;
			repositoryURL = "https://github.com/cristian064/CoreDataHelp";
			requirement = {
				branch = feature/req001;
				kind = branch;
			};
		};
		C68C04BA285BC0EB008CAB15 /* XCRemoteSwiftPackageReference "firebase-ios-sdk" */ = {
			isa = XCRemoteSwiftPackageReference;
			repositoryURL = "https://github.com/firebase/firebase-ios-sdk";
			requirement = {
				kind = exactVersion;
				version = 9.1.0;
			};
		};
/* End XCRemoteSwiftPackageReference section */

/* Begin XCSwiftPackageProductDependency section */
		2EB7D70A27AB3EDA00B648E2 /* GenericUtilities */ = {
			isa = XCSwiftPackageProductDependency;
			package = 2EB7D70927AB3EDA00B648E2 /* XCRemoteSwiftPackageReference "GenericUtilities" */;
			productName = GenericUtilities;
		};
		409B3A852766601500200F02 /* CoreDataHelp */ = {
			isa = XCSwiftPackageProductDependency;
			package = 409B3A842766601500200F02 /* XCRemoteSwiftPackageReference "CoreDataHelp" */;
			productName = CoreDataHelp;
		};
		C68C04BB285BC0EB008CAB15 /* FirebaseCrashlytics */ = {
			isa = XCSwiftPackageProductDependency;
			package = C68C04BA285BC0EB008CAB15 /* XCRemoteSwiftPackageReference "firebase-ios-sdk" */;
			productName = FirebaseCrashlytics;
		};
/* End XCSwiftPackageProductDependency section */

/* Begin XCVersionGroup section */
		407D89BF2725C9A4006324A7 /* QapaqModel.xcdatamodeld */ = {
			isa = XCVersionGroup;
			children = (
				407D89C02725C9A4006324A7 /* QapaqModel.xcdatamodel */,
			);
			currentVersion = 407D89C02725C9A4006324A7 /* QapaqModel.xcdatamodel */;
			path = QapaqModel.xcdatamodeld;
			sourceTree = "<group>";
			versionGroupType = wrapper.xcdatamodel;
		};
/* End XCVersionGroup section */
	};
	rootObject = 408BBF05269E7AC000B37970 /* Project object */;
}
